// !$*UTF8*$!
{
	archiveVersion = 1;
	classes = {
	};
	objectVersion = 50;
	objects = {

/* Begin PBXBuildFile section */
		2100F465231D443A00A7C2F3 /* DetailViewCell.xib in Resources */ = {isa = PBXBuildFile; fileRef = 2100F464231D443A00A7C2F3 /* DetailViewCell.xib */; };
		2100F467231D448100A7C2F3 /* DetailViewCell.swift in Sources */ = {isa = PBXBuildFile; fileRef = 2100F466231D448100A7C2F3 /* DetailViewCell.swift */; };
		2102EB2222BFFCB90034ECBD /* ViewModel.swift in Sources */ = {isa = PBXBuildFile; fileRef = 2102EB2122BFFCB90034ECBD /* ViewModel.swift */; };
		2102EB3B22C3B0A80034ECBD /* RxCocoa.framework in Frameworks */ = {isa = PBXBuildFile; fileRef = 2102EB3622C3B0A80034ECBD /* RxCocoa.framework */; };
		2105F0BA21DFFA2500E5485F /* DownloadImageManager.swift in Sources */ = {isa = PBXBuildFile; fileRef = 2105F0B921DFFA2500E5485F /* DownloadImageManager.swift */; };
		2105F0BE21E775CE00E5485F /* ImageCacheManager.swift in Sources */ = {isa = PBXBuildFile; fileRef = 2105F0BD21E775CE00E5485F /* ImageCacheManager.swift */; };
		2105F0C121EBA93800E5485F /* CacheManager.swift in Sources */ = {isa = PBXBuildFile; fileRef = 2105F0C021EBA93800E5485F /* CacheManager.swift */; };
		2105F0C321EBAB7800E5485F /* DownloadManager.swift in Sources */ = {isa = PBXBuildFile; fileRef = 2105F0C221EBAB7800E5485F /* DownloadManager.swift */; };
		2105F0C521EBB3CB00E5485F /* DownloadOrchestrator.swift in Sources */ = {isa = PBXBuildFile; fileRef = 2105F0C421EBB3CB00E5485F /* DownloadOrchestrator.swift */; };
		2107B8DB2219FF620015171A /* rss.xcdatamodeld in Sources */ = {isa = PBXBuildFile; fileRef = 2107B8D92219FF620015171A /* rss.xcdatamodeld */; };
		2107B8E2221AB3010015171A /* RssDataService.swift in Sources */ = {isa = PBXBuildFile; fileRef = 2107B8E1221AB3010015171A /* RssDataService.swift */; };
		211C750F21FA026400BB2234 /* Orchestrator.m in Sources */ = {isa = PBXBuildFile; fileRef = 211C750E21FA026400BB2234 /* Orchestrator.m */; };
		21293C1C21F890F900EE4C44 /* GetOp.m in Sources */ = {isa = PBXBuildFile; fileRef = 21293C1B21F890F900EE4C44 /* GetOp.m */; };
		212C4EF321DBE91C004B4D86 /* DownloadImageOperation.swift in Sources */ = {isa = PBXBuildFile; fileRef = 212C4EF221DBE91C004B4D86 /* DownloadImageOperation.swift */; };
		212C4EF521DBE97F004B4D86 /* AsyncOperation.swift in Sources */ = {isa = PBXBuildFile; fileRef = 212C4EF421DBE97F004B4D86 /* AsyncOperation.swift */; };
		212C4EF721DBEA26004B4D86 /* GetImageOperation.swift in Sources */ = {isa = PBXBuildFile; fileRef = 212C4EF621DBEA26004B4D86 /* GetImageOperation.swift */; };
		212C4EFB21DBEB8B004B4D86 /* ImageDownloadOrchestrator.swift in Sources */ = {isa = PBXBuildFile; fileRef = 212C4EFA21DBEB8B004B4D86 /* ImageDownloadOrchestrator.swift */; };
		213BC6E0219C61F000E7694B /* AppDelegate.swift in Sources */ = {isa = PBXBuildFile; fileRef = 213BC6DF219C61F000E7694B /* AppDelegate.swift */; };
		213BC6E2219C61F000E7694B /* HomeViewController.swift in Sources */ = {isa = PBXBuildFile; fileRef = 213BC6E1219C61F000E7694B /* HomeViewController.swift */; };
		213BC6E7219C61F200E7694B /* Assets.xcassets in Resources */ = {isa = PBXBuildFile; fileRef = 213BC6E6219C61F200E7694B /* Assets.xcassets */; };
		213BC6EA219C61F200E7694B /* LaunchScreen.storyboard in Resources */ = {isa = PBXBuildFile; fileRef = 213BC6E8219C61F200E7694B /* LaunchScreen.storyboard */; };
		213D3F7921A5A8DD00E2E937 /* RssParser.swift in Sources */ = {isa = PBXBuildFile; fileRef = 213D3F7821A5A8DD00E2E937 /* RssParser.swift */; };
		213D3F7B21A6088600E2E937 /* FeedModel.swift in Sources */ = {isa = PBXBuildFile; fileRef = 213D3F7A21A6088600E2E937 /* FeedModel.swift */; };
		213D3F7F21A6F97500E2E937 /* CellViewExtensions.swift in Sources */ = {isa = PBXBuildFile; fileRef = 213D3F7E21A6F97500E2E937 /* CellViewExtensions.swift */; };
		21575144219C6DD70066D7D0 /* Main.storyboard in Resources */ = {isa = PBXBuildFile; fileRef = 21575142219C6DD70066D7D0 /* Main.storyboard */; };
		21575148219CC2A20066D7D0 /* FeedViewController.swift in Sources */ = {isa = PBXBuildFile; fileRef = 21575147219CC2A20066D7D0 /* FeedViewController.swift */; };
		215DD36121F502EC001E8926 /* Downloader.m in Sources */ = {isa = PBXBuildFile; fileRef = 215DD36021F502EC001E8926 /* Downloader.m */; };
		215DD36521F5C13A001E8926 /* DownloadOp.m in Sources */ = {isa = PBXBuildFile; fileRef = 215DD36421F5C13A001E8926 /* DownloadOp.m */; };
		215DD36821F5D70E001E8926 /* Cacher.m in Sources */ = {isa = PBXBuildFile; fileRef = 215DD36721F5D70E001E8926 /* Cacher.m */; };
		215FBABB21B523560092785B /* FeedItemViewModel.swift in Sources */ = {isa = PBXBuildFile; fileRef = 215FBABA21B523560092785B /* FeedItemViewModel.swift */; };
		2196B91C2312A3BE004FF972 /* FeedDetailViewController.swift in Sources */ = {isa = PBXBuildFile; fileRef = 2196B91B2312A3BE004FF972 /* FeedDetailViewController.swift */; };
		2196B91E2312A3E8004FF972 /* FeedDetailViewModel.swift in Sources */ = {isa = PBXBuildFile; fileRef = 2196B91D2312A3E8004FF972 /* FeedDetailViewModel.swift */; };
		2196B9202312A4AB004FF972 /* FeedDetail.storyboard in Resources */ = {isa = PBXBuildFile; fileRef = 2196B91F2312A4AB004FF972 /* FeedDetail.storyboard */; };
		2199666921C1A0BF00FE7AAD /* RssNetworkService.swift in Sources */ = {isa = PBXBuildFile; fileRef = 2199666821C1A0BF00FE7AAD /* RssNetworkService.swift */; };
		21AF870521A32EBB00C00970 /* FeedViewCell.swift in Sources */ = {isa = PBXBuildFile; fileRef = 21AF870321A32EBB00C00970 /* FeedViewCell.swift */; };
		21AF870621A32EBB00C00970 /* FeedViewCell.xib in Resources */ = {isa = PBXBuildFile; fileRef = 21AF870421A32EBB00C00970 /* FeedViewCell.xib */; };
		21B42A11234A1B8000871511 /* DataStore.swift in Sources */ = {isa = PBXBuildFile; fileRef = 21B42A10234A1B8000871511 /* DataStore.swift */; };
		21C0BCAF22B79ACB0035D033 /* AppCoordinator.swift in Sources */ = {isa = PBXBuildFile; fileRef = 21C0BCAE22B79ACB0035D033 /* AppCoordinator.swift */; };
		21C0BCB122B7AC740035D033 /* Coordinator.swift in Sources */ = {isa = PBXBuildFile; fileRef = 21C0BCB022B7AC740035D033 /* Coordinator.swift */; };
		21C0BCB322B7B0150035D033 /* HomeCoordinator.swift in Sources */ = {isa = PBXBuildFile; fileRef = 21C0BCB222B7B0150035D033 /* HomeCoordinator.swift */; };
		21C0BCB622B7DA2C0035D033 /* FeedViewModel.swift in Sources */ = {isa = PBXBuildFile; fileRef = 21C0BCB522B7DA2C0035D033 /* FeedViewModel.swift */; };
		21C0BCB822B7DA490035D033 /* HomeViewModel.swift in Sources */ = {isa = PBXBuildFile; fileRef = 21C0BCB722B7DA490035D033 /* HomeViewModel.swift */; };
		21C0BCBA22BA3BD40035D033 /* NetworkService.swift in Sources */ = {isa = PBXBuildFile; fileRef = 21C0BCB922BA3BD40035D033 /* NetworkService.swift */; };
		21C0BCBC22BA3C080035D033 /* DataService.swift in Sources */ = {isa = PBXBuildFile; fileRef = 21C0BCBB22BA3C080035D033 /* DataService.swift */; };
		21EEFC1D21A0825100A97F33 /* TopicModel.swift in Sources */ = {isa = PBXBuildFile; fileRef = 21EEFC1C21A0825100A97F33 /* TopicModel.swift */; };
		21EEFC2521A0A06100A97F33 /* TopicViewCell.swift in Sources */ = {isa = PBXBuildFile; fileRef = 21EEFC2321A0A06100A97F33 /* TopicViewCell.swift */; };
		21EEFC2621A0A06100A97F33 /* TopicViewCell.xib in Resources */ = {isa = PBXBuildFile; fileRef = 21EEFC2421A0A06100A97F33 /* TopicViewCell.xib */; };
/* End PBXBuildFile section */

/* Begin PBXFileReference section */
		2100F464231D443A00A7C2F3 /* DetailViewCell.xib */ = {isa = PBXFileReference; lastKnownFileType = file.xib; path = DetailViewCell.xib; sourceTree = "<group>"; };
		2100F466231D448100A7C2F3 /* DetailViewCell.swift */ = {isa = PBXFileReference; lastKnownFileType = sourcecode.swift; path = DetailViewCell.swift; sourceTree = "<group>"; };
		2102EB2122BFFCB90034ECBD /* ViewModel.swift */ = {isa = PBXFileReference; lastKnownFileType = sourcecode.swift; path = ViewModel.swift; sourceTree = "<group>"; };
		2102EB3622C3B0A80034ECBD /* RxCocoa.framework */ = {isa = PBXFileReference; lastKnownFileType = wrapper.framework; name = RxCocoa.framework; path = Carthage/Build/iOS/RxCocoa.framework; sourceTree = "<group>"; };
		2102EB3722C3B0A80034ECBD /* RxBlocking.framework */ = {isa = PBXFileReference; lastKnownFileType = wrapper.framework; name = RxBlocking.framework; path = Carthage/Build/iOS/RxBlocking.framework; sourceTree = "<group>"; };
		2102EB3822C3B0A80034ECBD /* RxTest.framework */ = {isa = PBXFileReference; lastKnownFileType = wrapper.framework; name = RxTest.framework; path = Carthage/Build/iOS/RxTest.framework; sourceTree = "<group>"; };
		2102EB3922C3B0A80034ECBD /* RxSwift.framework */ = {isa = PBXFileReference; lastKnownFileType = wrapper.framework; name = RxSwift.framework; path = Carthage/Build/iOS/RxSwift.framework; sourceTree = "<group>"; };
		2102EB3A22C3B0A80034ECBD /* RxRelay.framework */ = {isa = PBXFileReference; lastKnownFileType = wrapper.framework; name = RxRelay.framework; path = Carthage/Build/iOS/RxRelay.framework; sourceTree = "<group>"; };
		2105F0B921DFFA2500E5485F /* DownloadImageManager.swift */ = {isa = PBXFileReference; lastKnownFileType = sourcecode.swift; path = DownloadImageManager.swift; sourceTree = "<group>"; };
		2105F0BD21E775CE00E5485F /* ImageCacheManager.swift */ = {isa = PBXFileReference; lastKnownFileType = sourcecode.swift; path = ImageCacheManager.swift; sourceTree = "<group>"; };
		2105F0C021EBA93800E5485F /* CacheManager.swift */ = {isa = PBXFileReference; lastKnownFileType = sourcecode.swift; path = CacheManager.swift; sourceTree = "<group>"; };
		2105F0C221EBAB7800E5485F /* DownloadManager.swift */ = {isa = PBXFileReference; lastKnownFileType = sourcecode.swift; path = DownloadManager.swift; sourceTree = "<group>"; };
		2105F0C421EBB3CB00E5485F /* DownloadOrchestrator.swift */ = {isa = PBXFileReference; lastKnownFileType = sourcecode.swift; path = DownloadOrchestrator.swift; sourceTree = "<group>"; };
		2107B8DA2219FF620015171A /* rss.xcdatamodel */ = {isa = PBXFileReference; lastKnownFileType = wrapper.xcdatamodel; path = rss.xcdatamodel; sourceTree = "<group>"; };
		2107B8E1221AB3010015171A /* RssDataService.swift */ = {isa = PBXFileReference; lastKnownFileType = sourcecode.swift; path = RssDataService.swift; sourceTree = "<group>"; };
		2107B8EA221AB6B10015171A /* DataFlow.h */ = {isa = PBXFileReference; lastKnownFileType = sourcecode.c.h; path = DataFlow.h; sourceTree = "<group>"; };
		2107B8EB221AB6B10015171A /* Info.plist */ = {isa = PBXFileReference; lastKnownFileType = text.plist.xml; path = Info.plist; sourceTree = "<group>"; };
		211C750D21FA024700BB2234 /* Orchestrator.h */ = {isa = PBXFileReference; lastKnownFileType = sourcecode.c.h; path = Orchestrator.h; sourceTree = "<group>"; };
		211C750E21FA026400BB2234 /* Orchestrator.m */ = {isa = PBXFileReference; lastKnownFileType = sourcecode.c.objc; path = Orchestrator.m; sourceTree = "<group>"; };
		21293C1A21F890DF00EE4C44 /* GetOp.h */ = {isa = PBXFileReference; lastKnownFileType = sourcecode.c.h; path = GetOp.h; sourceTree = "<group>"; };
		21293C1B21F890F900EE4C44 /* GetOp.m */ = {isa = PBXFileReference; lastKnownFileType = sourcecode.c.objc; path = GetOp.m; sourceTree = "<group>"; };
		212C4EF221DBE91C004B4D86 /* DownloadImageOperation.swift */ = {isa = PBXFileReference; lastKnownFileType = sourcecode.swift; path = DownloadImageOperation.swift; sourceTree = "<group>"; };
		212C4EF421DBE97F004B4D86 /* AsyncOperation.swift */ = {isa = PBXFileReference; lastKnownFileType = sourcecode.swift; path = AsyncOperation.swift; sourceTree = "<group>"; };
		212C4EF621DBEA26004B4D86 /* GetImageOperation.swift */ = {isa = PBXFileReference; lastKnownFileType = sourcecode.swift; path = GetImageOperation.swift; sourceTree = "<group>"; };
		212C4EFA21DBEB8B004B4D86 /* ImageDownloadOrchestrator.swift */ = {isa = PBXFileReference; lastKnownFileType = sourcecode.swift; path = ImageDownloadOrchestrator.swift; sourceTree = "<group>"; };
		213BC6DC219C61F000E7694B /* SimpleRss.app */ = {isa = PBXFileReference; explicitFileType = wrapper.application; includeInIndex = 0; path = SimpleRss.app; sourceTree = BUILT_PRODUCTS_DIR; };
		213BC6DF219C61F000E7694B /* AppDelegate.swift */ = {isa = PBXFileReference; lastKnownFileType = sourcecode.swift; path = AppDelegate.swift; sourceTree = "<group>"; };
		213BC6E1219C61F000E7694B /* HomeViewController.swift */ = {isa = PBXFileReference; lastKnownFileType = sourcecode.swift; path = HomeViewController.swift; sourceTree = "<group>"; };
		213BC6E6219C61F200E7694B /* Assets.xcassets */ = {isa = PBXFileReference; lastKnownFileType = folder.assetcatalog; path = Assets.xcassets; sourceTree = "<group>"; };
		213BC6E9219C61F200E7694B /* Base */ = {isa = PBXFileReference; lastKnownFileType = file.storyboard; name = Base; path = Base.lproj/LaunchScreen.storyboard; sourceTree = "<group>"; };
		213BC6EB219C61F200E7694B /* Info.plist */ = {isa = PBXFileReference; lastKnownFileType = text.plist.xml; path = Info.plist; sourceTree = "<group>"; };
		213D3F7821A5A8DD00E2E937 /* RssParser.swift */ = {isa = PBXFileReference; lastKnownFileType = sourcecode.swift; path = RssParser.swift; sourceTree = "<group>"; };
		213D3F7A21A6088600E2E937 /* FeedModel.swift */ = {isa = PBXFileReference; lastKnownFileType = sourcecode.swift; path = FeedModel.swift; sourceTree = "<group>"; };
		213D3F7E21A6F97500E2E937 /* CellViewExtensions.swift */ = {isa = PBXFileReference; lastKnownFileType = sourcecode.swift; path = CellViewExtensions.swift; sourceTree = "<group>"; };
		21575143219C6DD70066D7D0 /* Base */ = {isa = PBXFileReference; lastKnownFileType = file.storyboard; name = Base; path = Base.lproj/Main.storyboard; sourceTree = "<group>"; };
		21575147219CC2A20066D7D0 /* FeedViewController.swift */ = {isa = PBXFileReference; lastKnownFileType = sourcecode.swift; path = FeedViewController.swift; sourceTree = "<group>"; };
		215DD35F21F502EC001E8926 /* SimpleRss-Bridging-Header.h */ = {isa = PBXFileReference; lastKnownFileType = sourcecode.c.h; path = "SimpleRss-Bridging-Header.h"; sourceTree = "<group>"; };
		215DD36021F502EC001E8926 /* Downloader.m */ = {isa = PBXFileReference; lastKnownFileType = sourcecode.c.objc; path = Downloader.m; sourceTree = "<group>"; };
		215DD36221F50B9A001E8926 /* Downloader.h */ = {isa = PBXFileReference; lastKnownFileType = sourcecode.c.h; path = Downloader.h; sourceTree = "<group>"; };
		215DD36421F5C13A001E8926 /* DownloadOp.m */ = {isa = PBXFileReference; lastKnownFileType = sourcecode.c.objc; path = DownloadOp.m; sourceTree = "<group>"; };
		215DD36621F5C6BA001E8926 /* DownloadOp.h */ = {isa = PBXFileReference; lastKnownFileType = sourcecode.c.h; path = DownloadOp.h; sourceTree = "<group>"; };
		215DD36721F5D70E001E8926 /* Cacher.m */ = {isa = PBXFileReference; lastKnownFileType = sourcecode.c.objc; path = Cacher.m; sourceTree = "<group>"; };
		215DD36921F5D728001E8926 /* Cacher.h */ = {isa = PBXFileReference; lastKnownFileType = sourcecode.c.h; path = Cacher.h; sourceTree = "<group>"; };
		215FBABA21B523560092785B /* FeedItemViewModel.swift */ = {isa = PBXFileReference; lastKnownFileType = sourcecode.swift; path = FeedItemViewModel.swift; sourceTree = "<group>"; };
		2196B91B2312A3BE004FF972 /* FeedDetailViewController.swift */ = {isa = PBXFileReference; lastKnownFileType = sourcecode.swift; path = FeedDetailViewController.swift; sourceTree = "<group>"; };
		2196B91D2312A3E8004FF972 /* FeedDetailViewModel.swift */ = {isa = PBXFileReference; lastKnownFileType = sourcecode.swift; path = FeedDetailViewModel.swift; sourceTree = "<group>"; };
		2196B91F2312A4AB004FF972 /* FeedDetail.storyboard */ = {isa = PBXFileReference; lastKnownFileType = file.storyboard; path = FeedDetail.storyboard; sourceTree = "<group>"; };
		2199666821C1A0BF00FE7AAD /* RssNetworkService.swift */ = {isa = PBXFileReference; lastKnownFileType = sourcecode.swift; path = RssNetworkService.swift; sourceTree = "<group>"; };
		21AF870321A32EBB00C00970 /* FeedViewCell.swift */ = {isa = PBXFileReference; lastKnownFileType = sourcecode.swift; path = FeedViewCell.swift; sourceTree = "<group>"; };
		21AF870421A32EBB00C00970 /* FeedViewCell.xib */ = {isa = PBXFileReference; lastKnownFileType = file.xib; path = FeedViewCell.xib; sourceTree = "<group>"; };
		21B42A10234A1B8000871511 /* DataStore.swift */ = {isa = PBXFileReference; lastKnownFileType = sourcecode.swift; path = DataStore.swift; sourceTree = "<group>"; };
		21C0BCAE22B79ACB0035D033 /* AppCoordinator.swift */ = {isa = PBXFileReference; lastKnownFileType = sourcecode.swift; path = AppCoordinator.swift; sourceTree = "<group>"; };
		21C0BCB022B7AC740035D033 /* Coordinator.swift */ = {isa = PBXFileReference; lastKnownFileType = sourcecode.swift; path = Coordinator.swift; sourceTree = "<group>"; };
		21C0BCB222B7B0150035D033 /* HomeCoordinator.swift */ = {isa = PBXFileReference; lastKnownFileType = sourcecode.swift; path = HomeCoordinator.swift; sourceTree = "<group>"; };
		21C0BCB522B7DA2C0035D033 /* FeedViewModel.swift */ = {isa = PBXFileReference; lastKnownFileType = sourcecode.swift; path = FeedViewModel.swift; sourceTree = "<group>"; };
		21C0BCB722B7DA490035D033 /* HomeViewModel.swift */ = {isa = PBXFileReference; lastKnownFileType = sourcecode.swift; path = HomeViewModel.swift; sourceTree = "<group>"; };
		21C0BCB922BA3BD40035D033 /* NetworkService.swift */ = {isa = PBXFileReference; lastKnownFileType = sourcecode.swift; path = NetworkService.swift; sourceTree = "<group>"; };
		21C0BCBB22BA3C080035D033 /* DataService.swift */ = {isa = PBXFileReference; lastKnownFileType = sourcecode.swift; path = DataService.swift; sourceTree = "<group>"; };
		21EEFC1C21A0825100A97F33 /* TopicModel.swift */ = {isa = PBXFileReference; lastKnownFileType = sourcecode.swift; path = TopicModel.swift; sourceTree = "<group>"; };
		21EEFC2321A0A06100A97F33 /* TopicViewCell.swift */ = {isa = PBXFileReference; lastKnownFileType = sourcecode.swift; path = TopicViewCell.swift; sourceTree = "<group>"; };
		21EEFC2421A0A06100A97F33 /* TopicViewCell.xib */ = {isa = PBXFileReference; lastKnownFileType = file.xib; path = TopicViewCell.xib; sourceTree = "<group>"; };
/* End PBXFileReference section */

/* Begin PBXFrameworksBuildPhase section */
		213BC6D9219C61F000E7694B /* Frameworks */ = {
			isa = PBXFrameworksBuildPhase;
			buildActionMask = 2147483647;
			files = (
				2102EB3B22C3B0A80034ECBD /* RxCocoa.framework in Frameworks */,
			);
			runOnlyForDeploymentPostprocessing = 0;
		};
/* End PBXFrameworksBuildPhase section */

/* Begin PBXGroup section */
		2102EB3522C3B0A70034ECBD /* Frameworks */ = {
			isa = PBXGroup;
			children = (
				2102EB3722C3B0A80034ECBD /* RxBlocking.framework */,
				2102EB3622C3B0A80034ECBD /* RxCocoa.framework */,
				2102EB3A22C3B0A80034ECBD /* RxRelay.framework */,
				2102EB3922C3B0A80034ECBD /* RxSwift.framework */,
				2102EB3822C3B0A80034ECBD /* RxTest.framework */,
			);
			name = Frameworks;
			sourceTree = "<group>";
		};
		2105F0BF21EBA8B500E5485F /* Protocols */ = {
			isa = PBXGroup;
			children = (
				2105F0C021EBA93800E5485F /* CacheManager.swift */,
				2105F0C221EBAB7800E5485F /* DownloadManager.swift */,
				2105F0C421EBB3CB00E5485F /* DownloadOrchestrator.swift */,
				21C0BCB022B7AC740035D033 /* Coordinator.swift */,
				21C0BCB922BA3BD40035D033 /* NetworkService.swift */,
				21C0BCBB22BA3C080035D033 /* DataService.swift */,
				2102EB2122BFFCB90034ECBD /* ViewModel.swift */,
			);
			path = Protocols;
			sourceTree = "<group>";
		};
		2107B8E9221AB6B10015171A /* DataFlow */ = {
			isa = PBXGroup;
			children = (
				2107B8EA221AB6B10015171A /* DataFlow.h */,
				2107B8EB221AB6B10015171A /* Info.plist */,
			);
			path = DataFlow;
			sourceTree = "<group>";
		};
		212C4EF121DBE8F0004B4D86 /* Operations */ = {
			isa = PBXGroup;
			children = (
				212C4EF221DBE91C004B4D86 /* DownloadImageOperation.swift */,
				212C4EF421DBE97F004B4D86 /* AsyncOperation.swift */,
				212C4EF621DBEA26004B4D86 /* GetImageOperation.swift */,
			);
			path = Operations;
			sourceTree = "<group>";
		};
		213BC6D3219C61F000E7694B = {
			isa = PBXGroup;
			children = (
				213BC6DE219C61F000E7694B /* SimpleRss */,
				2107B8E9221AB6B10015171A /* DataFlow */,
				213BC6DD219C61F000E7694B /* Products */,
				2102EB3522C3B0A70034ECBD /* Frameworks */,
			);
			sourceTree = "<group>";
		};
		213BC6DD219C61F000E7694B /* Products */ = {
			isa = PBXGroup;
			children = (
				213BC6DC219C61F000E7694B /* SimpleRss.app */,
			);
			name = Products;
			sourceTree = "<group>";
		};
		213BC6DE219C61F000E7694B /* SimpleRss */ = {
			isa = PBXGroup;
			children = (
				21C0BCB422B7DA0F0035D033 /* ViewModels */,
				21C0BCAD22B799FC0035D033 /* Coordinators */,
				215DD36321F5C0F6001E8926 /* Objective */,
				2105F0BF21EBA8B500E5485F /* Protocols */,
				213D3F7721A5A8BF00E2E937 /* Services */,
				21AF870721A3576000C00970 /* Views */,
				21EEFC1B21A0820C00A97F33 /* Models */,
				21575145219C6F240066D7D0 /* ViewControllers */,
				21575142219C6DD70066D7D0 /* Main.storyboard */,
				213BC6DF219C61F000E7694B /* AppDelegate.swift */,
				213BC6E6219C61F200E7694B /* Assets.xcassets */,
				213BC6E8219C61F200E7694B /* LaunchScreen.storyboard */,
				213BC6EB219C61F200E7694B /* Info.plist */,
				2107B8D92219FF620015171A /* rss.xcdatamodeld */,
			);
			path = SimpleRss;
			sourceTree = "<group>";
		};
		213D3F7721A5A8BF00E2E937 /* Services */ = {
			isa = PBXGroup;
			children = (
				213D3F7821A5A8DD00E2E937 /* RssParser.swift */,
				2199666821C1A0BF00FE7AAD /* RssNetworkService.swift */,
				212C4EFA21DBEB8B004B4D86 /* ImageDownloadOrchestrator.swift */,
				2105F0B921DFFA2500E5485F /* DownloadImageManager.swift */,
				2105F0BD21E775CE00E5485F /* ImageCacheManager.swift */,
				2107B8E1221AB3010015171A /* RssDataService.swift */,
				21B42A10234A1B8000871511 /* DataStore.swift */,
			);
			path = Services;
			sourceTree = "<group>";
		};
		213D3F7D21A6F94100E2E937 /* ViewExtensions */ = {
			isa = PBXGroup;
			children = (
				213D3F7E21A6F97500E2E937 /* CellViewExtensions.swift */,
			);
			path = ViewExtensions;
			sourceTree = "<group>";
		};
		21575145219C6F240066D7D0 /* ViewControllers */ = {
			isa = PBXGroup;
			children = (
				213BC6E1219C61F000E7694B /* HomeViewController.swift */,
				21575147219CC2A20066D7D0 /* FeedViewController.swift */,
				2196B91B2312A3BE004FF972 /* FeedDetailViewController.swift */,
				2196B91F2312A4AB004FF972 /* FeedDetail.storyboard */,
			);
			path = ViewControllers;
			sourceTree = "<group>";
		};
		215DD36321F5C0F6001E8926 /* Objective */ = {
			isa = PBXGroup;
			children = (
				215DD36021F502EC001E8926 /* Downloader.m */,
				215DD35F21F502EC001E8926 /* SimpleRss-Bridging-Header.h */,
				215DD36221F50B9A001E8926 /* Downloader.h */,
				215DD36421F5C13A001E8926 /* DownloadOp.m */,
				215DD36621F5C6BA001E8926 /* DownloadOp.h */,
				215DD36721F5D70E001E8926 /* Cacher.m */,
				215DD36921F5D728001E8926 /* Cacher.h */,
				21293C1A21F890DF00EE4C44 /* GetOp.h */,
				21293C1B21F890F900EE4C44 /* GetOp.m */,
				211C750D21FA024700BB2234 /* Orchestrator.h */,
				211C750E21FA026400BB2234 /* Orchestrator.m */,
			);
			path = Objective;
			sourceTree = "<group>";
		};
		215FBAB921B523310092785B /* ViewModels */ = {
			isa = PBXGroup;
			children = (
				215FBABA21B523560092785B /* FeedItemViewModel.swift */,
			);
			path = ViewModels;
			sourceTree = "<group>";
		};
		21AF870721A3576000C00970 /* Views */ = {
			isa = PBXGroup;
			children = (
				212C4EF121DBE8F0004B4D86 /* Operations */,
				215FBAB921B523310092785B /* ViewModels */,
				213D3F7D21A6F94100E2E937 /* ViewExtensions */,
				21EEFC2321A0A06100A97F33 /* TopicViewCell.swift */,
				21EEFC2421A0A06100A97F33 /* TopicViewCell.xib */,
				21AF870321A32EBB00C00970 /* FeedViewCell.swift */,
				21AF870421A32EBB00C00970 /* FeedViewCell.xib */,
				2100F464231D443A00A7C2F3 /* DetailViewCell.xib */,
				2100F466231D448100A7C2F3 /* DetailViewCell.swift */,
			);
			path = Views;
			sourceTree = "<group>";
		};
		21C0BCAD22B799FC0035D033 /* Coordinators */ = {
			isa = PBXGroup;
			children = (
				21C0BCAE22B79ACB0035D033 /* AppCoordinator.swift */,
				21C0BCB222B7B0150035D033 /* HomeCoordinator.swift */,
			);
			path = Coordinators;
			sourceTree = "<group>";
		};
		21C0BCB422B7DA0F0035D033 /* ViewModels */ = {
			isa = PBXGroup;
			children = (
				21C0BCB522B7DA2C0035D033 /* FeedViewModel.swift */,
				21C0BCB722B7DA490035D033 /* HomeViewModel.swift */,
				2196B91D2312A3E8004FF972 /* FeedDetailViewModel.swift */,
			);
			path = ViewModels;
			sourceTree = "<group>";
		};
		21EEFC1B21A0820C00A97F33 /* Models */ = {
			isa = PBXGroup;
			children = (
				21EEFC1C21A0825100A97F33 /* TopicModel.swift */,
				213D3F7A21A6088600E2E937 /* FeedModel.swift */,
			);
			path = Models;
			sourceTree = "<group>";
		};
/* End PBXGroup section */

/* Begin PBXNativeTarget section */
		213BC6DB219C61F000E7694B /* SimpleRss */ = {
			isa = PBXNativeTarget;
			buildConfigurationList = 213BC6EE219C61F200E7694B /* Build configuration list for PBXNativeTarget "SimpleRss" */;
			buildPhases = (
				213BC6D8219C61F000E7694B /* Sources */,
				213BC6D9219C61F000E7694B /* Frameworks */,
				213BC6DA219C61F000E7694B /* Resources */,
				2102EB4022C3B12D0034ECBD /* ShellScript */,
			);
			buildRules = (
			);
			dependencies = (
			);
			name = SimpleRss;
			productName = SimpleRss;
			productReference = 213BC6DC219C61F000E7694B /* SimpleRss.app */;
			productType = "com.apple.product-type.application";
		};
/* End PBXNativeTarget section */

/* Begin PBXProject section */
		213BC6D4219C61F000E7694B /* Project object */ = {
			isa = PBXProject;
			attributes = {
				LastSwiftUpdateCheck = 1010;
				LastUpgradeCheck = 1010;
				ORGANIZATIONNAME = "Vladimir Koptev";
				TargetAttributes = {
					213BC6DB219C61F000E7694B = {
						CreatedOnToolsVersion = 10.1;
						LastSwiftMigration = 1010;
					};
				};
			};
			buildConfigurationList = 213BC6D7219C61F000E7694B /* Build configuration list for PBXProject "SimpleRss" */;
			compatibilityVersion = "Xcode 9.3";
			developmentRegion = en;
			hasScannedForEncodings = 0;
			knownRegions = (
				en,
				Base,
			);
			mainGroup = 213BC6D3219C61F000E7694B;
			productRefGroup = 213BC6DD219C61F000E7694B /* Products */;
			projectDirPath = "";
			projectRoot = "";
			targets = (
				213BC6DB219C61F000E7694B /* SimpleRss */,
			);
		};
/* End PBXProject section */

/* Begin PBXResourcesBuildPhase section */
		213BC6DA219C61F000E7694B /* Resources */ = {
			isa = PBXResourcesBuildPhase;
			buildActionMask = 2147483647;
			files = (
				21EEFC2621A0A06100A97F33 /* TopicViewCell.xib in Resources */,
				2100F465231D443A00A7C2F3 /* DetailViewCell.xib in Resources */,
				21AF870621A32EBB00C00970 /* FeedViewCell.xib in Resources */,
				21575144219C6DD70066D7D0 /* Main.storyboard in Resources */,
				2196B9202312A4AB004FF972 /* FeedDetail.storyboard in Resources */,
				213BC6EA219C61F200E7694B /* LaunchScreen.storyboard in Resources */,
				213BC6E7219C61F200E7694B /* Assets.xcassets in Resources */,
			);
			runOnlyForDeploymentPostprocessing = 0;
		};
/* End PBXResourcesBuildPhase section */

/* Begin PBXShellScriptBuildPhase section */
		2102EB4022C3B12D0034ECBD /* ShellScript */ = {
			isa = PBXShellScriptBuildPhase;
			buildActionMask = 2147483647;
			files = (
			);
			inputFileListPaths = (
			);
			inputPaths = (
				"$(SRCROOT)/Carthage/Build/iOS/RxRelay.framework",
				"$(SRCROOT)/Carthage/Build/iOS/RxSwift.framework",
				"$(SRCROOT)/Carthage/Build/iOS/RxCocoa.framework",
				"$(SRCROOT)/Carthage/Build/iOS/RxBlocking.framework",
			);
			outputFileListPaths = (
			);
			outputPaths = (
			);
			runOnlyForDeploymentPostprocessing = 0;
			shellPath = /bin/sh;
			shellScript = "# Type a script or drag a script file from your workspace to insert its path.\n/usr/local/bin/carthage copy-frameworks\n";
		};
/* End PBXShellScriptBuildPhase section */

/* Begin PBXSourcesBuildPhase section */
		213BC6D8219C61F000E7694B /* Sources */ = {
			isa = PBXSourcesBuildPhase;
			buildActionMask = 2147483647;
			files = (
				215FBABB21B523560092785B /* FeedItemViewModel.swift in Sources */,
				213D3F7F21A6F97500E2E937 /* CellViewExtensions.swift in Sources */,
				215DD36821F5D70E001E8926 /* Cacher.m in Sources */,
				21C0BCB822B7DA490035D033 /* HomeViewModel.swift in Sources */,
				212C4EFB21DBEB8B004B4D86 /* ImageDownloadOrchestrator.swift in Sources */,
				2196B91E2312A3E8004FF972 /* FeedDetailViewModel.swift in Sources */,
				2105F0BE21E775CE00E5485F /* ImageCacheManager.swift in Sources */,
				2102EB2222BFFCB90034ECBD /* ViewModel.swift in Sources */,
				2196B91C2312A3BE004FF972 /* FeedDetailViewController.swift in Sources */,
				21EEFC2521A0A06100A97F33 /* TopicViewCell.swift in Sources */,
				213D3F7B21A6088600E2E937 /* FeedModel.swift in Sources */,
				21C0BCB622B7DA2C0035D033 /* FeedViewModel.swift in Sources */,
				213BC6E2219C61F000E7694B /* HomeViewController.swift in Sources */,
				21B42A11234A1B8000871511 /* DataStore.swift in Sources */,
				21C0BCB122B7AC740035D033 /* Coordinator.swift in Sources */,
				212C4EF721DBEA26004B4D86 /* GetImageOperation.swift in Sources */,
				2107B8E2221AB3010015171A /* RssDataService.swift in Sources */,
				21293C1C21F890F900EE4C44 /* GetOp.m in Sources */,
				2100F467231D448100A7C2F3 /* DetailViewCell.swift in Sources */,
				2107B8DB2219FF620015171A /* rss.xcdatamodeld in Sources */,
				215DD36521F5C13A001E8926 /* DownloadOp.m in Sources */,
				2105F0BA21DFFA2500E5485F /* DownloadImageManager.swift in Sources */,
				2105F0C521EBB3CB00E5485F /* DownloadOrchestrator.swift in Sources */,
				212C4EF521DBE97F004B4D86 /* AsyncOperation.swift in Sources */,
				21C0BCB322B7B0150035D033 /* HomeCoordinator.swift in Sources */,
				21AF870521A32EBB00C00970 /* FeedViewCell.swift in Sources */,
				21EEFC1D21A0825100A97F33 /* TopicModel.swift in Sources */,
				21C0BCBA22BA3BD40035D033 /* NetworkService.swift in Sources */,
				211C750F21FA026400BB2234 /* Orchestrator.m in Sources */,
				215DD36121F502EC001E8926 /* Downloader.m in Sources */,
				21C0BCAF22B79ACB0035D033 /* AppCoordinator.swift in Sources */,
				21575148219CC2A20066D7D0 /* FeedViewController.swift in Sources */,
				213BC6E0219C61F000E7694B /* AppDelegate.swift in Sources */,
				2105F0C321EBAB7800E5485F /* DownloadManager.swift in Sources */,
				212C4EF321DBE91C004B4D86 /* DownloadImageOperation.swift in Sources */,
				2105F0C121EBA93800E5485F /* CacheManager.swift in Sources */,
				2199666921C1A0BF00FE7AAD /* RssNetworkService.swift in Sources */,
				213D3F7921A5A8DD00E2E937 /* RssParser.swift in Sources */,
				21C0BCBC22BA3C080035D033 /* DataService.swift in Sources */,
			);
			runOnlyForDeploymentPostprocessing = 0;
		};
/* End PBXSourcesBuildPhase section */

/* Begin PBXVariantGroup section */
		213BC6E8219C61F200E7694B /* LaunchScreen.storyboard */ = {
			isa = PBXVariantGroup;
			children = (
				213BC6E9219C61F200E7694B /* Base */,
			);
			name = LaunchScreen.storyboard;
			sourceTree = "<group>";
		};
		21575142219C6DD70066D7D0 /* Main.storyboard */ = {
			isa = PBXVariantGroup;
			children = (
				21575143219C6DD70066D7D0 /* Base */,
			);
			name = Main.storyboard;
			sourceTree = "<group>";
		};
/* End PBXVariantGroup section */

/* Begin XCBuildConfiguration section */
		213BC6EC219C61F200E7694B /* Debug */ = {
			isa = XCBuildConfiguration;
			buildSettings = {
				ALWAYS_SEARCH_USER_PATHS = NO;
				CLANG_ANALYZER_NONNULL = YES;
				CLANG_ANALYZER_NUMBER_OBJECT_CONVERSION = YES_AGGRESSIVE;
				CLANG_CXX_LANGUAGE_STANDARD = "gnu++14";
				CLANG_CXX_LIBRARY = "libc++";
				CLANG_ENABLE_MODULES = YES;
				CLANG_ENABLE_OBJC_ARC = YES;
				CLANG_ENABLE_OBJC_WEAK = YES;
				CLANG_WARN_BLOCK_CAPTURE_AUTORELEASING = YES;
				CLANG_WARN_BOOL_CONVERSION = YES;
				CLANG_WARN_COMMA = YES;
				CLANG_WARN_CONSTANT_CONVERSION = YES;
				CLANG_WARN_DEPRECATED_OBJC_IMPLEMENTATIONS = YES;
				CLANG_WARN_DIRECT_OBJC_ISA_USAGE = YES_ERROR;
				CLANG_WARN_DOCUMENTATION_COMMENTS = YES;
				CLANG_WARN_EMPTY_BODY = YES;
				CLANG_WARN_ENUM_CONVERSION = YES;
				CLANG_WARN_INFINITE_RECURSION = YES;
				CLANG_WARN_INT_CONVERSION = YES;
				CLANG_WARN_NON_LITERAL_NULL_CONVERSION = YES;
				CLANG_WARN_OBJC_IMPLICIT_RETAIN_SELF = YES;
				CLANG_WARN_OBJC_LITERAL_CONVERSION = YES;
				CLANG_WARN_OBJC_ROOT_CLASS = YES_ERROR;
				CLANG_WARN_RANGE_LOOP_ANALYSIS = YES;
				CLANG_WARN_STRICT_PROTOTYPES = YES;
				CLANG_WARN_SUSPICIOUS_MOVE = YES;
				CLANG_WARN_UNGUARDED_AVAILABILITY = YES_AGGRESSIVE;
				CLANG_WARN_UNREACHABLE_CODE = YES;
				CLANG_WARN__DUPLICATE_METHOD_MATCH = YES;
				CODE_SIGN_IDENTITY = "iPhone Developer";
				COPY_PHASE_STRIP = NO;
				DEBUG_INFORMATION_FORMAT = dwarf;
				ENABLE_STRICT_OBJC_MSGSEND = YES;
				ENABLE_TESTABILITY = YES;
				GCC_C_LANGUAGE_STANDARD = gnu11;
				GCC_DYNAMIC_NO_PIC = NO;
				GCC_NO_COMMON_BLOCKS = YES;
				GCC_OPTIMIZATION_LEVEL = 0;
				GCC_PREPROCESSOR_DEFINITIONS = (
					"DEBUG=1",
					"$(inherited)",
				);
				GCC_WARN_64_TO_32_BIT_CONVERSION = YES;
				GCC_WARN_ABOUT_RETURN_TYPE = YES_ERROR;
				GCC_WARN_UNDECLARED_SELECTOR = YES;
				GCC_WARN_UNINITIALIZED_AUTOS = YES_AGGRESSIVE;
				GCC_WARN_UNUSED_FUNCTION = YES;
				GCC_WARN_UNUSED_VARIABLE = YES;
				IPHONEOS_DEPLOYMENT_TARGET = 12.1;
				MTL_ENABLE_DEBUG_INFO = INCLUDE_SOURCE;
				MTL_FAST_MATH = YES;
				ONLY_ACTIVE_ARCH = YES;
				SDKROOT = iphoneos;
				SWIFT_ACTIVE_COMPILATION_CONDITIONS = DEBUG;
				SWIFT_OPTIMIZATION_LEVEL = "-Onone";
			};
			name = Debug;
		};
		213BC6ED219C61F200E7694B /* Release */ = {
			isa = XCBuildConfiguration;
			buildSettings = {
				ALWAYS_SEARCH_USER_PATHS = NO;
				CLANG_ANALYZER_NONNULL = YES;
				CLANG_ANALYZER_NUMBER_OBJECT_CONVERSION = YES_AGGRESSIVE;
				CLANG_CXX_LANGUAGE_STANDARD = "gnu++14";
				CLANG_CXX_LIBRARY = "libc++";
				CLANG_ENABLE_MODULES = YES;
				CLANG_ENABLE_OBJC_ARC = YES;
				CLANG_ENABLE_OBJC_WEAK = YES;
				CLANG_WARN_BLOCK_CAPTURE_AUTORELEASING = YES;
				CLANG_WARN_BOOL_CONVERSION = YES;
				CLANG_WARN_COMMA = YES;
				CLANG_WARN_CONSTANT_CONVERSION = YES;
				CLANG_WARN_DEPRECATED_OBJC_IMPLEMENTATIONS = YES;
				CLANG_WARN_DIRECT_OBJC_ISA_USAGE = YES_ERROR;
				CLANG_WARN_DOCUMENTATION_COMMENTS = YES;
				CLANG_WARN_EMPTY_BODY = YES;
				CLANG_WARN_ENUM_CONVERSION = YES;
				CLANG_WARN_INFINITE_RECURSION = YES;
				CLANG_WARN_INT_CONVERSION = YES;
				CLANG_WARN_NON_LITERAL_NULL_CONVERSION = YES;
				CLANG_WARN_OBJC_IMPLICIT_RETAIN_SELF = YES;
				CLANG_WARN_OBJC_LITERAL_CONVERSION = YES;
				CLANG_WARN_OBJC_ROOT_CLASS = YES_ERROR;
				CLANG_WARN_RANGE_LOOP_ANALYSIS = YES;
				CLANG_WARN_STRICT_PROTOTYPES = YES;
				CLANG_WARN_SUSPICIOUS_MOVE = YES;
				CLANG_WARN_UNGUARDED_AVAILABILITY = YES_AGGRESSIVE;
				CLANG_WARN_UNREACHABLE_CODE = YES;
				CLANG_WARN__DUPLICATE_METHOD_MATCH = YES;
				CODE_SIGN_IDENTITY = "iPhone Developer";
				COPY_PHASE_STRIP = NO;
				DEBUG_INFORMATION_FORMAT = "dwarf-with-dsym";
				ENABLE_NS_ASSERTIONS = NO;
				ENABLE_STRICT_OBJC_MSGSEND = YES;
				GCC_C_LANGUAGE_STANDARD = gnu11;
				GCC_NO_COMMON_BLOCKS = YES;
				GCC_WARN_64_TO_32_BIT_CONVERSION = YES;
				GCC_WARN_ABOUT_RETURN_TYPE = YES_ERROR;
				GCC_WARN_UNDECLARED_SELECTOR = YES;
				GCC_WARN_UNINITIALIZED_AUTOS = YES_AGGRESSIVE;
				GCC_WARN_UNUSED_FUNCTION = YES;
				GCC_WARN_UNUSED_VARIABLE = YES;
				IPHONEOS_DEPLOYMENT_TARGET = 12.1;
				MTL_ENABLE_DEBUG_INFO = NO;
				MTL_FAST_MATH = YES;
				SDKROOT = iphoneos;
				SWIFT_COMPILATION_MODE = wholemodule;
				SWIFT_OPTIMIZATION_LEVEL = "-O";
				VALIDATE_PRODUCT = YES;
			};
			name = Release;
		};
		213BC6EF219C61F200E7694B /* Debug */ = {
			isa = XCBuildConfiguration;
			buildSettings = {
				ASSETCATALOG_COMPILER_APPICON_NAME = AppIcon;
				CLANG_ENABLE_MODULES = YES;
				CODE_SIGN_IDENTITY = "iPhone Developer";
				CODE_SIGN_STYLE = Automatic;
				DEVELOPMENT_TEAM = D3FX238DES;
				FRAMEWORK_SEARCH_PATHS = (
					"$(inherited)",
					"$(PROJECT_DIR)/Carthage/Build/iOS",
				);
				GCC_NO_COMMON_BLOCKS = NO;
				INFOPLIST_FILE = SimpleRss/Info.plist;
				LD_RUNPATH_SEARCH_PATHS = (
					"$(inherited)",
					"@executable_path/Frameworks",
				);
				PRODUCT_BUNDLE_IDENTIFIER = com.SimpleRss;
				PRODUCT_NAME = "$(TARGET_NAME)";
				PROVISIONING_PROFILE_SPECIFIER = "";
				SWIFT_OBJC_BRIDGING_HEADER = "SimpleRss/Objective/SimpleRss-Bridging-Header.h";
				SWIFT_OPTIMIZATION_LEVEL = "-Onone";
				SWIFT_REFLECTION_METADATA_LEVEL = none;
				SWIFT_VERSION = 4.2;
				TARGETED_DEVICE_FAMILY = "1,2";
			};
			name = Debug;
		};
		213BC6F0219C61F200E7694B /* Release */ = {
			isa = XCBuildConfiguration;
			buildSettings = {
				ASSETCATALOG_COMPILER_APPICON_NAME = AppIcon;
				CLANG_ENABLE_MODULES = YES;
				CODE_SIGN_IDENTITY = "iPhone Developer";
				CODE_SIGN_STYLE = Automatic;
				DEVELOPMENT_TEAM = D3FX238DES;
				FRAMEWORK_SEARCH_PATHS = (
					"$(inherited)",
					"$(PROJECT_DIR)/Carthage/Build/iOS",
				);
				GCC_NO_COMMON_BLOCKS = NO;
				INFOPLIST_FILE = SimpleRss/Info.plist;
				LD_RUNPATH_SEARCH_PATHS = (
					"$(inherited)",
					"@executable_path/Frameworks",
				);
				PRODUCT_BUNDLE_IDENTIFIER = com.SimpleRss;
				PRODUCT_NAME = "$(TARGET_NAME)";
				PROVISIONING_PROFILE_SPECIFIER = "";
				SWIFT_OBJC_BRIDGING_HEADER = "SimpleRss/Objective/SimpleRss-Bridging-Header.h";
				SWIFT_REFLECTION_METADATA_LEVEL = none;
				SWIFT_VERSION = 4.2;
				TARGETED_DEVICE_FAMILY = "1,2";
			};
			name = Release;
		};
/* End XCBuildConfiguration section */

/* Begin XCConfigurationList section */
		213BC6D7219C61F000E7694B /* Build configuration list for PBXProject "SimpleRss" */ = {
			isa = XCConfigurationList;
			buildConfigurations = (
				213BC6EC219C61F200E7694B /* Debug */,
				213BC6ED219C61F200E7694B /* Release */,
			);
			defaultConfigurationIsVisible = 0;
			defaultConfigurationName = Release;
		};
		213BC6EE219C61F200E7694B /* Build configuration list for PBXNativeTarget "SimpleRss" */ = {
			isa = XCConfigurationList;
			buildConfigurations = (
				213BC6EF219C61F200E7694B /* Debug */,
				213BC6F0219C61F200E7694B /* Release */,
			);
			defaultConfigurationIsVisible = 0;
			defaultConfigurationName = Release;
		};
/* End XCConfigurationList section */

/* Begin XCVersionGroup section */
		2107B8D92219FF620015171A /* rss.xcdatamodeld */ = {
			isa = XCVersionGroup;
			children = (
				2107B8DA2219FF620015171A /* rss.xcdatamodel */,
			);
			currentVersion = 2107B8DA2219FF620015171A /* rss.xcdatamodel */;
			path = rss.xcdatamodeld;
			sourceTree = "<group>";
			versionGroupType = wrapper.xcdatamodel;
		};
/* End XCVersionGroup section */
	};
	rootObject = 213BC6D4219C61F000E7694B /* Project object */;
}
