// !$*UTF8*$!
{
	archiveVersion = 1;
	classes = {
	};
	objectVersion = 50;
	objects = {

/* Begin PBXBuildFile section */
		2100F465231D443A00A7C2F3 /* DetailViewCell.xib in Resources */ = {isa = PBXBuildFile; fileRef = 2100F464231D443A00A7C2F3 /* DetailViewCell.xib */; };
		2100F467231D448100A7C2F3 /* DetailViewCell.swift in Sources */ = {isa = PBXBuildFile; fileRef = 2100F466231D448100A7C2F3 /* DetailViewCell.swift */; };
		2102EB2222BFFCB90034ECBD /* ViewModel.swift in Sources */ = {isa = PBXBuildFile; fileRef = 2102EB2122BFFCB90034ECBD /* ViewModel.swift */; };
		2102EB3B22C3B0A80034ECBD /* RxCocoa.framework in Frameworks */ = {isa = PBXBuildFile; fileRef = 2102EB3622C3B0A80034ECBD /* RxCocoa.framework */; };
		2105F0BA21DFFA2500E5485F /* DownloadImageManager.swift in Sources */ = {isa = PBXBuildFile; fileRef = 2105F0B921DFFA2500E5485F /* DownloadImageManager.swift */; };
		2105F0BE21E775CE00E5485F /* ImageCacheManager.swift in Sources */ = {isa = PBXBuildFile; fileRef = 2105F0BD21E775CE00E5485F /* ImageCacheManager.swift */; };
		2105F0C121EBA93800E5485F /* CacheManager.swift in Sources */ = {isa = PBXBuildFile; fileRef = 2105F0C021EBA93800E5485F /* CacheManager.swift */; };
		2105F0C321EBAB7800E5485F /* DownloadManager.swift in Sources */ = {isa = PBXBuildFile; fileRef = 2105F0C221EBAB7800E5485F /* DownloadManager.swift */; };
		2105F0C521EBB3CB00E5485F /* DownloadOrchestrator.swift in Sources */ = {isa = PBXBuildFile; fileRef = 2105F0C421EBB3CB00E5485F /* DownloadOrchestrator.swift */; };
		2107B8DB2219FF620015171A /* rss.xcdatamodeld in Sources */ = {isa = PBXBuildFile; fileRef = 2107B8D92219FF620015171A /* rss.xcdatamodeld */; };
		2107B8E2221AB3010015171A /* RssDataService.swift in Sources */ = {isa = PBXBuildFile; fileRef = 2107B8E1221AB3010015171A /* RssDataService.swift */; };
		211061F02413BAE4005B4B14 /* FeedViewModelTests.swift in Sources */ = {isa = PBXBuildFile; fileRef = 211061EF2413BAE4005B4B14 /* FeedViewModelTests.swift */; };
		211061F32413C919005B4B14 /* DefaultDataServiceMock.swift in Sources */ = {isa = PBXBuildFile; fileRef = 211061F22413C919005B4B14 /* DefaultDataServiceMock.swift */; };
		211061F62413CB00005B4B14 /* DefaultNetworkServiceMock.swift in Sources */ = {isa = PBXBuildFile; fileRef = 211061F52413CB00005B4B14 /* DefaultNetworkServiceMock.swift */; };
		211061F82413D03B005B4B14 /* DefaultFeedViewModelDelegeateMock.swift in Sources */ = {isa = PBXBuildFile; fileRef = 211061F72413D03B005B4B14 /* DefaultFeedViewModelDelegeateMock.swift */; };
		2110620D24140428005B4B14 /* RxBlocking.framework in Frameworks */ = {isa = PBXBuildFile; fileRef = 2102EB3722C3B0A80034ECBD /* RxBlocking.framework */; };
		2110620E24140428005B4B14 /* RxCocoa.framework in Frameworks */ = {isa = PBXBuildFile; fileRef = 2102EB3622C3B0A80034ECBD /* RxCocoa.framework */; };
		2110620F24140428005B4B14 /* RxRelay.framework in Frameworks */ = {isa = PBXBuildFile; fileRef = 2102EB3A22C3B0A80034ECBD /* RxRelay.framework */; };
		2110621024140428005B4B14 /* RxSwift.framework in Frameworks */ = {isa = PBXBuildFile; fileRef = 2102EB3922C3B0A80034ECBD /* RxSwift.framework */; };
		2110621124140428005B4B14 /* RxTest.framework in Frameworks */ = {isa = PBXBuildFile; fileRef = 2102EB3822C3B0A80034ECBD /* RxTest.framework */; };
		211C750F21FA026400BB2234 /* Orchestrator.m in Sources */ = {isa = PBXBuildFile; fileRef = 211C750E21FA026400BB2234 /* Orchestrator.m */; };
		21293C1C21F890F900EE4C44 /* GetOp.m in Sources */ = {isa = PBXBuildFile; fileRef = 21293C1B21F890F900EE4C44 /* GetOp.m */; };
		212C4EF321DBE91C004B4D86 /* DownloadImageOperation.swift in Sources */ = {isa = PBXBuildFile; fileRef = 212C4EF221DBE91C004B4D86 /* DownloadImageOperation.swift */; };
		212C4EF521DBE97F004B4D86 /* AsyncOperation.swift in Sources */ = {isa = PBXBuildFile; fileRef = 212C4EF421DBE97F004B4D86 /* AsyncOperation.swift */; };
		212C4EF721DBEA26004B4D86 /* GetImageOperation.swift in Sources */ = {isa = PBXBuildFile; fileRef = 212C4EF621DBEA26004B4D86 /* GetImageOperation.swift */; };
		212C4EFB21DBEB8B004B4D86 /* ImageDownloadOrchestrator.swift in Sources */ = {isa = PBXBuildFile; fileRef = 212C4EFA21DBEB8B004B4D86 /* ImageDownloadOrchestrator.swift */; };
		213BC6E0219C61F000E7694B /* AppDelegate.swift in Sources */ = {isa = PBXBuildFile; fileRef = 213BC6DF219C61F000E7694B /* AppDelegate.swift */; };
		213BC6E2219C61F000E7694B /* HomeViewController.swift in Sources */ = {isa = PBXBuildFile; fileRef = 213BC6E1219C61F000E7694B /* HomeViewController.swift */; };
		213BC6E7219C61F200E7694B /* Assets.xcassets in Resources */ = {isa = PBXBuildFile; fileRef = 213BC6E6219C61F200E7694B /* Assets.xcassets */; };
		213BC6EA219C61F200E7694B /* LaunchScreen.storyboard in Resources */ = {isa = PBXBuildFile; fileRef = 213BC6E8219C61F200E7694B /* LaunchScreen.storyboard */; };
		213D3F7921A5A8DD00E2E937 /* RssParser.swift in Sources */ = {isa = PBXBuildFile; fileRef = 213D3F7821A5A8DD00E2E937 /* RssParser.swift */; };
		213D3F7B21A6088600E2E937 /* FeedModel.swift in Sources */ = {isa = PBXBuildFile; fileRef = 213D3F7A21A6088600E2E937 /* FeedModel.swift */; };
		213D3F7F21A6F97500E2E937 /* UICellView+Extension.swift in Sources */ = {isa = PBXBuildFile; fileRef = 213D3F7E21A6F97500E2E937 /* UICellView+Extension.swift */; };
		21575144219C6DD70066D7D0 /* Main.storyboard in Resources */ = {isa = PBXBuildFile; fileRef = 21575142219C6DD70066D7D0 /* Main.storyboard */; };
		21575148219CC2A20066D7D0 /* FeedViewController.swift in Sources */ = {isa = PBXBuildFile; fileRef = 21575147219CC2A20066D7D0 /* FeedViewController.swift */; };
		215DD36121F502EC001E8926 /* Downloader.m in Sources */ = {isa = PBXBuildFile; fileRef = 215DD36021F502EC001E8926 /* Downloader.m */; };
		215DD36521F5C13A001E8926 /* DownloadOp.m in Sources */ = {isa = PBXBuildFile; fileRef = 215DD36421F5C13A001E8926 /* DownloadOp.m */; };
		215DD36821F5D70E001E8926 /* Cacher.m in Sources */ = {isa = PBXBuildFile; fileRef = 215DD36721F5D70E001E8926 /* Cacher.m */; };
		215FBABB21B523560092785B /* FeedItemViewModel.swift in Sources */ = {isa = PBXBuildFile; fileRef = 215FBABA21B523560092785B /* FeedItemViewModel.swift */; };
		2167A9462375A9B600457AF1 /* ModalTransition.swift in Sources */ = {isa = PBXBuildFile; fileRef = 2167A9452375A9B600457AF1 /* ModalTransition.swift */; };
		2167A9482376013300457AF1 /* Rating.storyboard in Resources */ = {isa = PBXBuildFile; fileRef = 2167A9472376013300457AF1 /* Rating.storyboard */; };
		2167A94A2376019D00457AF1 /* RatingViewController.swift in Sources */ = {isa = PBXBuildFile; fileRef = 2167A9492376019D00457AF1 /* RatingViewController.swift */; };
		2167A94C23774BE100457AF1 /* RatingViewModel.swift in Sources */ = {isa = PBXBuildFile; fileRef = 2167A94B23774BE100457AF1 /* RatingViewModel.swift */; };
		2196B91C2312A3BE004FF972 /* FeedDetailViewController.swift in Sources */ = {isa = PBXBuildFile; fileRef = 2196B91B2312A3BE004FF972 /* FeedDetailViewController.swift */; };
		2196B91E2312A3E8004FF972 /* FeedDetailViewModel.swift in Sources */ = {isa = PBXBuildFile; fileRef = 2196B91D2312A3E8004FF972 /* FeedDetailViewModel.swift */; };
		2196B9202312A4AB004FF972 /* FeedDetail.storyboard in Resources */ = {isa = PBXBuildFile; fileRef = 2196B91F2312A4AB004FF972 /* FeedDetail.storyboard */; };
		2199666921C1A0BF00FE7AAD /* RssNetworkService.swift in Sources */ = {isa = PBXBuildFile; fileRef = 2199666821C1A0BF00FE7AAD /* RssNetworkService.swift */; };
		21AF870521A32EBB00C00970 /* FeedViewCell.swift in Sources */ = {isa = PBXBuildFile; fileRef = 21AF870321A32EBB00C00970 /* FeedViewCell.swift */; };
		21AF870621A32EBB00C00970 /* FeedViewCell.xib in Resources */ = {isa = PBXBuildFile; fileRef = 21AF870421A32EBB00C00970 /* FeedViewCell.xib */; };
		21B42A11234A1B8000871511 /* DataStore.swift in Sources */ = {isa = PBXBuildFile; fileRef = 21B42A10234A1B8000871511 /* DataStore.swift */; };
		21B42A14234B1C3700871511 /* RatingView.swift in Sources */ = {isa = PBXBuildFile; fileRef = 21B42A13234B1C3700871511 /* RatingView.swift */; };
		21C0BCAF22B79ACB0035D033 /* AppCoordinator.swift in Sources */ = {isa = PBXBuildFile; fileRef = 21C0BCAE22B79ACB0035D033 /* AppCoordinator.swift */; };
		21C0BCB122B7AC740035D033 /* Coordinator.swift in Sources */ = {isa = PBXBuildFile; fileRef = 21C0BCB022B7AC740035D033 /* Coordinator.swift */; };
		21C0BCB322B7B0150035D033 /* HomeCoordinator.swift in Sources */ = {isa = PBXBuildFile; fileRef = 21C0BCB222B7B0150035D033 /* HomeCoordinator.swift */; };
		21C0BCB622B7DA2C0035D033 /* FeedViewModel.swift in Sources */ = {isa = PBXBuildFile; fileRef = 21C0BCB522B7DA2C0035D033 /* FeedViewModel.swift */; };
		21C0BCB822B7DA490035D033 /* HomeViewModel.swift in Sources */ = {isa = PBXBuildFile; fileRef = 21C0BCB722B7DA490035D033 /* HomeViewModel.swift */; };
		21C0BCBA22BA3BD40035D033 /* NetworkService.swift in Sources */ = {isa = PBXBuildFile; fileRef = 21C0BCB922BA3BD40035D033 /* NetworkService.swift */; };
		21C0BCBC22BA3C080035D033 /* DataService.swift in Sources */ = {isa = PBXBuildFile; fileRef = 21C0BCBB22BA3C080035D033 /* DataService.swift */; };
		21EEFC1D21A0825100A97F33 /* TopicModel.swift in Sources */ = {isa = PBXBuildFile; fileRef = 21EEFC1C21A0825100A97F33 /* TopicModel.swift */; };
		21EEFC2521A0A06100A97F33 /* TopicViewCell.swift in Sources */ = {isa = PBXBuildFile; fileRef = 21EEFC2321A0A06100A97F33 /* TopicViewCell.swift */; };
		21EEFC2621A0A06100A97F33 /* TopicViewCell.xib in Resources */ = {isa = PBXBuildFile; fileRef = 21EEFC2421A0A06100A97F33 /* TopicViewCell.xib */; };
		21FF649D23B54202007F3370 /* UIViewController+Extension.swift in Sources */ = {isa = PBXBuildFile; fileRef = 21FF649C23B54202007F3370 /* UIViewController+Extension.swift */; };
		21FF649F23B5423F007F3370 /* UIStoryboard+Extension.swift in Sources */ = {isa = PBXBuildFile; fileRef = 21FF649E23B5423F007F3370 /* UIStoryboard+Extension.swift */; };
		21FF64A123B542D7007F3370 /* UIView+Extension.swift in Sources */ = {isa = PBXBuildFile; fileRef = 21FF64A023B542D7007F3370 /* UIView+Extension.swift */; };
		21FF64A423B54394007F3370 /* UIImageView+Extension.swift in Sources */ = {isa = PBXBuildFile; fileRef = 21FF64A323B54394007F3370 /* UIImageView+Extension.swift */; };
		21FF64A623B543D0007F3370 /* UIStackView+Extension.swift in Sources */ = {isa = PBXBuildFile; fileRef = 21FF64A523B543D0007F3370 /* UIStackView+Extension.swift */; };
/* End PBXBuildFile section */

/* Begin PBXContainerItemProxy section */
		211061E92413B8DF005B4B14 /* PBXContainerItemProxy */ = {
			isa = PBXContainerItemProxy;
			containerPortal = 213BC6D4219C61F000E7694B /* Project object */;
			proxyType = 1;
			remoteGlobalIDString = 213BC6DB219C61F000E7694B;
			remoteInfo = SimpleRss;
		};
/* End PBXContainerItemProxy section */

/* Begin PBXFileReference section */
		2100F464231D443A00A7C2F3 /* DetailViewCell.xib */ = {isa = PBXFileReference; lastKnownFileType = file.xib; path = DetailViewCell.xib; sourceTree = "<group>"; };
		2100F466231D448100A7C2F3 /* DetailViewCell.swift */ = {isa = PBXFileReference; lastKnownFileType = sourcecode.swift; path = DetailViewCell.swift; sourceTree = "<group>"; };
		2102EB2122BFFCB90034ECBD /* ViewModel.swift */ = {isa = PBXFileReference; lastKnownFileType = sourcecode.swift; path = ViewModel.swift; sourceTree = "<group>"; };
		2102EB3622C3B0A80034ECBD /* RxCocoa.framework */ = {isa = PBXFileReference; lastKnownFileType = wrapper.framework; name = RxCocoa.framework; path = Carthage/Build/iOS/RxCocoa.framework; sourceTree = "<group>"; };
		2102EB3722C3B0A80034ECBD /* RxBlocking.framework */ = {isa = PBXFileReference; lastKnownFileType = wrapper.framework; name = RxBlocking.framework; path = Carthage/Build/iOS/RxBlocking.framework; sourceTree = "<group>"; };
		2102EB3822C3B0A80034ECBD /* RxTest.framework */ = {isa = PBXFileReference; lastKnownFileType = wrapper.framework; name = RxTest.framework; path = Carthage/Build/iOS/RxTest.framework; sourceTree = "<group>"; };
		2102EB3922C3B0A80034ECBD /* RxSwift.framework */ = {isa = PBXFileReference; lastKnownFileType = wrapper.framework; name = RxSwift.framework; path = Carthage/Build/iOS/RxSwift.framework; sourceTree = "<group>"; };
		2102EB3A22C3B0A80034ECBD /* RxRelay.framework */ = {isa = PBXFileReference; lastKnownFileType = wrapper.framework; name = RxRelay.framework; path = Carthage/Build/iOS/RxRelay.framework; sourceTree = "<group>"; };
		2105F0B921DFFA2500E5485F /* DownloadImageManager.swift */ = {isa = PBXFileReference; lastKnownFileType = sourcecode.swift; path = DownloadImageManager.swift; sourceTree = "<group>"; };
		2105F0BD21E775CE00E5485F /* ImageCacheManager.swift */ = {isa = PBXFileReference; lastKnownFileType = sourcecode.swift; path = ImageCacheManager.swift; sourceTree = "<group>"; };
		2105F0C021EBA93800E5485F /* CacheManager.swift */ = {isa = PBXFileReference; lastKnownFileType = sourcecode.swift; path = CacheManager.swift; sourceTree = "<group>"; };
		2105F0C221EBAB7800E5485F /* DownloadManager.swift */ = {isa = PBXFileReference; lastKnownFileType = sourcecode.swift; path = DownloadManager.swift; sourceTree = "<group>"; };
		2105F0C421EBB3CB00E5485F /* DownloadOrchestrator.swift */ = {isa = PBXFileReference; lastKnownFileType = sourcecode.swift; path = DownloadOrchestrator.swift; sourceTree = "<group>"; };
		2107B8DA2219FF620015171A /* rss.xcdatamodel */ = {isa = PBXFileReference; lastKnownFileType = wrapper.xcdatamodel; path = rss.xcdatamodel; sourceTree = "<group>"; };
		2107B8E1221AB3010015171A /* RssDataService.swift */ = {isa = PBXFileReference; lastKnownFileType = sourcecode.swift; path = RssDataService.swift; sourceTree = "<group>"; };
		2107B8EA221AB6B10015171A /* DataFlow.h */ = {isa = PBXFileReference; lastKnownFileType = sourcecode.c.h; path = DataFlow.h; sourceTree = "<group>"; };
		2107B8EB221AB6B10015171A /* Info.plist */ = {isa = PBXFileReference; lastKnownFileType = text.plist.xml; path = Info.plist; sourceTree = "<group>"; };
		211061E42413B8DE005B4B14 /* SimpleRssTests.xctest */ = {isa = PBXFileReference; explicitFileType = wrapper.cfbundle; includeInIndex = 0; path = SimpleRssTests.xctest; sourceTree = BUILT_PRODUCTS_DIR; };
		211061E82413B8DF005B4B14 /* Info.plist */ = {isa = PBXFileReference; lastKnownFileType = text.plist.xml; path = Info.plist; sourceTree = "<group>"; };
		211061EF2413BAE4005B4B14 /* FeedViewModelTests.swift */ = {isa = PBXFileReference; lastKnownFileType = sourcecode.swift; path = FeedViewModelTests.swift; sourceTree = "<group>"; };
		211061F22413C919005B4B14 /* DefaultDataServiceMock.swift */ = {isa = PBXFileReference; lastKnownFileType = sourcecode.swift; path = DefaultDataServiceMock.swift; sourceTree = "<group>"; };
		211061F52413CB00005B4B14 /* DefaultNetworkServiceMock.swift */ = {isa = PBXFileReference; lastKnownFileType = sourcecode.swift; path = DefaultNetworkServiceMock.swift; sourceTree = "<group>"; };
		211061F72413D03B005B4B14 /* DefaultFeedViewModelDelegeateMock.swift */ = {isa = PBXFileReference; lastKnownFileType = sourcecode.swift; path = DefaultFeedViewModelDelegeateMock.swift; sourceTree = "<group>"; };
		21106205241402B1005B4B14 /* project.xcworkspace */ = {isa = PBXFileReference; lastKnownFileType = wrapper.workspace; name = project.xcworkspace; path = SimpleRss.xcodeproj/project.xcworkspace; sourceTree = "<group>"; };
		21106207241402D9005B4B14 /* project.pbxproj */ = {isa = PBXFileReference; lastKnownFileType = text.pbxproject; name = project.pbxproj; path = SimpleRss.xcodeproj/project.pbxproj; sourceTree = "<group>"; };
		2110620924140319005B4B14 /* SimpleRss.xcodeproj */ = {isa = PBXFileReference; lastKnownFileType = "wrapper.pb-project"; path = SimpleRss.xcodeproj; sourceTree = "<group>"; };
		211C750D21FA024700BB2234 /* Orchestrator.h */ = {isa = PBXFileReference; lastKnownFileType = sourcecode.c.h; path = Orchestrator.h; sourceTree = "<group>"; };
		211C750E21FA026400BB2234 /* Orchestrator.m */ = {isa = PBXFileReference; lastKnownFileType = sourcecode.c.objc; path = Orchestrator.m; sourceTree = "<group>"; };
		21293C1A21F890DF00EE4C44 /* GetOp.h */ = {isa = PBXFileReference; lastKnownFileType = sourcecode.c.h; path = GetOp.h; sourceTree = "<group>"; };
		21293C1B21F890F900EE4C44 /* GetOp.m */ = {isa = PBXFileReference; lastKnownFileType = sourcecode.c.objc; path = GetOp.m; sourceTree = "<group>"; };
		212C4EF221DBE91C004B4D86 /* DownloadImageOperation.swift */ = {isa = PBXFileReference; lastKnownFileType = sourcecode.swift; path = DownloadImageOperation.swift; sourceTree = "<group>"; };
		212C4EF421DBE97F004B4D86 /* AsyncOperation.swift */ = {isa = PBXFileReference; lastKnownFileType = sourcecode.swift; path = AsyncOperation.swift; sourceTree = "<group>"; };
		212C4EF621DBEA26004B4D86 /* GetImageOperation.swift */ = {isa = PBXFileReference; lastKnownFileType = sourcecode.swift; path = GetImageOperation.swift; sourceTree = "<group>"; };
		212C4EFA21DBEB8B004B4D86 /* ImageDownloadOrchestrator.swift */ = {isa = PBXFileReference; lastKnownFileType = sourcecode.swift; path = ImageDownloadOrchestrator.swift; sourceTree = "<group>"; };
		213BC6DC219C61F000E7694B /* SimpleRss.app */ = {isa = PBXFileReference; explicitFileType = wrapper.application; includeInIndex = 0; path = SimpleRss.app; sourceTree = BUILT_PRODUCTS_DIR; };
		213BC6DF219C61F000E7694B /* AppDelegate.swift */ = {isa = PBXFileReference; lastKnownFileType = sourcecode.swift; path = AppDelegate.swift; sourceTree = "<group>"; };
		213BC6E1219C61F000E7694B /* HomeViewController.swift */ = {isa = PBXFileReference; lastKnownFileType = sourcecode.swift; path = HomeViewController.swift; sourceTree = "<group>"; };
		213BC6E6219C61F200E7694B /* Assets.xcassets */ = {isa = PBXFileReference; lastKnownFileType = folder.assetcatalog; path = Assets.xcassets; sourceTree = "<group>"; };
		213BC6E9219C61F200E7694B /* Base */ = {isa = PBXFileReference; lastKnownFileType = file.storyboard; name = Base; path = Base.lproj/LaunchScreen.storyboard; sourceTree = "<group>"; };
		213BC6EB219C61F200E7694B /* Info.plist */ = {isa = PBXFileReference; lastKnownFileType = text.plist.xml; path = Info.plist; sourceTree = "<group>"; };
		213D3F7821A5A8DD00E2E937 /* RssParser.swift */ = {isa = PBXFileReference; lastKnownFileType = sourcecode.swift; path = RssParser.swift; sourceTree = "<group>"; };
		213D3F7A21A6088600E2E937 /* FeedModel.swift */ = {isa = PBXFileReference; lastKnownFileType = sourcecode.swift; path = FeedModel.swift; sourceTree = "<group>"; };
		213D3F7E21A6F97500E2E937 /* UICellView+Extension.swift */ = {isa = PBXFileReference; lastKnownFileType = sourcecode.swift; path = "UICellView+Extension.swift"; sourceTree = "<group>"; };
		21575143219C6DD70066D7D0 /* Base */ = {isa = PBXFileReference; lastKnownFileType = file.storyboard; name = Base; path = Base.lproj/Main.storyboard; sourceTree = "<group>"; };
		21575147219CC2A20066D7D0 /* FeedViewController.swift */ = {isa = PBXFileReference; lastKnownFileType = sourcecode.swift; path = FeedViewController.swift; sourceTree = "<group>"; };
		215DD35F21F502EC001E8926 /* SimpleRss-Bridging-Header.h */ = {isa = PBXFileReference; lastKnownFileType = sourcecode.c.h; path = "SimpleRss-Bridging-Header.h"; sourceTree = "<group>"; };
		215DD36021F502EC001E8926 /* Downloader.m */ = {isa = PBXFileReference; lastKnownFileType = sourcecode.c.objc; path = Downloader.m; sourceTree = "<group>"; };
		215DD36221F50B9A001E8926 /* Downloader.h */ = {isa = PBXFileReference; lastKnownFileType = sourcecode.c.h; path = Downloader.h; sourceTree = "<group>"; };
		215DD36421F5C13A001E8926 /* DownloadOp.m */ = {isa = PBXFileReference; lastKnownFileType = sourcecode.c.objc; path = DownloadOp.m; sourceTree = "<group>"; };
		215DD36621F5C6BA001E8926 /* DownloadOp.h */ = {isa = PBXFileReference; lastKnownFileType = sourcecode.c.h; path = DownloadOp.h; sourceTree = "<group>"; };
		215DD36721F5D70E001E8926 /* Cacher.m */ = {isa = PBXFileReference; lastKnownFileType = sourcecode.c.objc; path = Cacher.m; sourceTree = "<group>"; };
		215DD36921F5D728001E8926 /* Cacher.h */ = {isa = PBXFileReference; lastKnownFileType = sourcecode.c.h; path = Cacher.h; sourceTree = "<group>"; };
		215FBABA21B523560092785B /* FeedItemViewModel.swift */ = {isa = PBXFileReference; lastKnownFileType = sourcecode.swift; path = FeedItemViewModel.swift; sourceTree = "<group>"; };
		2167A9452375A9B600457AF1 /* ModalTransition.swift */ = {isa = PBXFileReference; lastKnownFileType = sourcecode.swift; path = ModalTransition.swift; sourceTree = "<group>"; };
		2167A9472376013300457AF1 /* Rating.storyboard */ = {isa = PBXFileReference; lastKnownFileType = file.storyboard; path = Rating.storyboard; sourceTree = "<group>"; };
		2167A9492376019D00457AF1 /* RatingViewController.swift */ = {isa = PBXFileReference; lastKnownFileType = sourcecode.swift; path = RatingViewController.swift; sourceTree = "<group>"; };
		2167A94B23774BE100457AF1 /* RatingViewModel.swift */ = {isa = PBXFileReference; lastKnownFileType = sourcecode.swift; path = RatingViewModel.swift; sourceTree = "<group>"; };
		2196B91B2312A3BE004FF972 /* FeedDetailViewController.swift */ = {isa = PBXFileReference; lastKnownFileType = sourcecode.swift; path = FeedDetailViewController.swift; sourceTree = "<group>"; };
		2196B91D2312A3E8004FF972 /* FeedDetailViewModel.swift */ = {isa = PBXFileReference; lastKnownFileType = sourcecode.swift; path = FeedDetailViewModel.swift; sourceTree = "<group>"; };
		2196B91F2312A4AB004FF972 /* FeedDetail.storyboard */ = {isa = PBXFileReference; lastKnownFileType = file.storyboard; path = FeedDetail.storyboard; sourceTree = "<group>"; };
		2199666821C1A0BF00FE7AAD /* RssNetworkService.swift */ = {isa = PBXFileReference; lastKnownFileType = sourcecode.swift; path = RssNetworkService.swift; sourceTree = "<group>"; };
		21AF870321A32EBB00C00970 /* FeedViewCell.swift */ = {isa = PBXFileReference; lastKnownFileType = sourcecode.swift; path = FeedViewCell.swift; sourceTree = "<group>"; };
		21AF870421A32EBB00C00970 /* FeedViewCell.xib */ = {isa = PBXFileReference; lastKnownFileType = file.xib; path = FeedViewCell.xib; sourceTree = "<group>"; };
		21B42A10234A1B8000871511 /* DataStore.swift */ = {isa = PBXFileReference; lastKnownFileType = sourcecode.swift; path = DataStore.swift; sourceTree = "<group>"; };
		21B42A13234B1C3700871511 /* RatingView.swift */ = {isa = PBXFileReference; lastKnownFileType = sourcecode.swift; path = RatingView.swift; sourceTree = "<group>"; };
		21C0BCAE22B79ACB0035D033 /* AppCoordinator.swift */ = {isa = PBXFileReference; lastKnownFileType = sourcecode.swift; path = AppCoordinator.swift; sourceTree = "<group>"; };
		21C0BCB022B7AC740035D033 /* Coordinator.swift */ = {isa = PBXFileReference; lastKnownFileType = sourcecode.swift; path = Coordinator.swift; sourceTree = "<group>"; };
		21C0BCB222B7B0150035D033 /* HomeCoordinator.swift */ = {isa = PBXFileReference; lastKnownFileType = sourcecode.swift; path = HomeCoordinator.swift; sourceTree = "<group>"; };
		21C0BCB522B7DA2C0035D033 /* FeedViewModel.swift */ = {isa = PBXFileReference; lastKnownFileType = sourcecode.swift; path = FeedViewModel.swift; sourceTree = "<group>"; };
		21C0BCB722B7DA490035D033 /* HomeViewModel.swift */ = {isa = PBXFileReference; lastKnownFileType = sourcecode.swift; path = HomeViewModel.swift; sourceTree = "<group>"; };
		21C0BCB922BA3BD40035D033 /* NetworkService.swift */ = {isa = PBXFileReference; lastKnownFileType = sourcecode.swift; path = NetworkService.swift; sourceTree = "<group>"; };
		21C0BCBB22BA3C080035D033 /* DataService.swift */ = {isa = PBXFileReference; lastKnownFileType = sourcecode.swift; path = DataService.swift; sourceTree = "<group>"; };
		21EEFC1C21A0825100A97F33 /* TopicModel.swift */ = {isa = PBXFileReference; lastKnownFileType = sourcecode.swift; path = TopicModel.swift; sourceTree = "<group>"; };
		21EEFC2321A0A06100A97F33 /* TopicViewCell.swift */ = {isa = PBXFileReference; lastKnownFileType = sourcecode.swift; path = TopicViewCell.swift; sourceTree = "<group>"; };
		21EEFC2421A0A06100A97F33 /* TopicViewCell.xib */ = {isa = PBXFileReference; lastKnownFileType = file.xib; path = TopicViewCell.xib; sourceTree = "<group>"; };
		21FF649C23B54202007F3370 /* UIViewController+Extension.swift */ = {isa = PBXFileReference; lastKnownFileType = sourcecode.swift; path = "UIViewController+Extension.swift"; sourceTree = "<group>"; };
		21FF649E23B5423F007F3370 /* UIStoryboard+Extension.swift */ = {isa = PBXFileReference; lastKnownFileType = sourcecode.swift; path = "UIStoryboard+Extension.swift"; sourceTree = "<group>"; };
		21FF64A023B542D7007F3370 /* UIView+Extension.swift */ = {isa = PBXFileReference; lastKnownFileType = sourcecode.swift; path = "UIView+Extension.swift"; sourceTree = "<group>"; };
		21FF64A323B54394007F3370 /* UIImageView+Extension.swift */ = {isa = PBXFileReference; lastKnownFileType = sourcecode.swift; path = "UIImageView+Extension.swift"; sourceTree = "<group>"; };
		21FF64A523B543D0007F3370 /* UIStackView+Extension.swift */ = {isa = PBXFileReference; lastKnownFileType = sourcecode.swift; path = "UIStackView+Extension.swift"; sourceTree = "<group>"; };
/* End PBXFileReference section */

/* Begin PBXFrameworksBuildPhase section */
		211061E12413B8DE005B4B14 /* Frameworks */ = {
			isa = PBXFrameworksBuildPhase;
			buildActionMask = 2147483647;
			files = (
				2110620D24140428005B4B14 /* RxBlocking.framework in Frameworks */,
				2110620E24140428005B4B14 /* RxCocoa.framework in Frameworks */,
				2110620F24140428005B4B14 /* RxRelay.framework in Frameworks */,
				2110621024140428005B4B14 /* RxSwift.framework in Frameworks */,
				2110621124140428005B4B14 /* RxTest.framework in Frameworks */,
			);
			runOnlyForDeploymentPostprocessing = 0;
		};
		213BC6D9219C61F000E7694B /* Frameworks */ = {
			isa = PBXFrameworksBuildPhase;
			buildActionMask = 2147483647;
			files = (
				2102EB3B22C3B0A80034ECBD /* RxCocoa.framework in Frameworks */,
			);
			runOnlyForDeploymentPostprocessing = 0;
		};
/* End PBXFrameworksBuildPhase section */

/* Begin PBXGroup section */
		2102EB3522C3B0A70034ECBD /* Frameworks */ = {
			isa = PBXGroup;
			children = (
				2110620924140319005B4B14 /* SimpleRss.xcodeproj */,
				21106207241402D9005B4B14 /* project.pbxproj */,
				21106205241402B1005B4B14 /* project.xcworkspace */,
				2102EB3722C3B0A80034ECBD /* RxBlocking.framework */,
				2102EB3622C3B0A80034ECBD /* RxCocoa.framework */,
				2102EB3A22C3B0A80034ECBD /* RxRelay.framework */,
				2102EB3922C3B0A80034ECBD /* RxSwift.framework */,
				2102EB3822C3B0A80034ECBD /* RxTest.framework */,
			);
			name = Frameworks;
			sourceTree = "<group>";
		};
		2105F0BF21EBA8B500E5485F /* Protocols */ = {
			isa = PBXGroup;
			children = (
				2105F0C021EBA93800E5485F /* CacheManager.swift */,
				2105F0C221EBAB7800E5485F /* DownloadManager.swift */,
				2105F0C421EBB3CB00E5485F /* DownloadOrchestrator.swift */,
				21C0BCB022B7AC740035D033 /* Coordinator.swift */,
				21C0BCB922BA3BD40035D033 /* NetworkService.swift */,
				21C0BCBB22BA3C080035D033 /* DataService.swift */,
				2102EB2122BFFCB90034ECBD /* ViewModel.swift */,
			);
			path = Protocols;
			sourceTree = "<group>";
		};
		2107B8E9221AB6B10015171A /* DataFlow */ = {
			isa = PBXGroup;
			children = (
				2107B8EA221AB6B10015171A /* DataFlow.h */,
				2107B8EB221AB6B10015171A /* Info.plist */,
			);
			path = DataFlow;
			sourceTree = "<group>";
		};
		211061E52413B8DF005B4B14 /* SimpleRssTests */ = {
			isa = PBXGroup;
			children = (
				211061E82413B8DF005B4B14 /* Info.plist */,
			);
			path = SimpleRssTests;
			sourceTree = "<group>";
		};
		211061EE2413B99F005B4B14 /* Tests */ = {
			isa = PBXGroup;
			children = (
				211061EF2413BAE4005B4B14 /* FeedViewModelTests.swift */,
				211061F12413C888005B4B14 /* Mocks */,
			);
			path = Tests;
			sourceTree = "<group>";
		};
		211061F12413C888005B4B14 /* Mocks */ = {
			isa = PBXGroup;
			children = (
				211061F22413C919005B4B14 /* DefaultDataServiceMock.swift */,
				211061F52413CB00005B4B14 /* DefaultNetworkServiceMock.swift */,
				211061F72413D03B005B4B14 /* DefaultFeedViewModelDelegeateMock.swift */,
			);
			path = Mocks;
			sourceTree = "<group>";
		};
		2110620A24140319005B4B14 /* Products */ = {
			isa = PBXGroup;
			name = Products;
			sourceTree = "<group>";
		};
		212C4EF121DBE8F0004B4D86 /* Operations */ = {
			isa = PBXGroup;
			children = (
				212C4EF221DBE91C004B4D86 /* DownloadImageOperation.swift */,
				212C4EF421DBE97F004B4D86 /* AsyncOperation.swift */,
				212C4EF621DBEA26004B4D86 /* GetImageOperation.swift */,
			);
			path = Operations;
			sourceTree = "<group>";
		};
		213BC6D3219C61F000E7694B = {
			isa = PBXGroup;
			children = (
				213BC6DE219C61F000E7694B /* SimpleRss */,
				2107B8E9221AB6B10015171A /* DataFlow */,
				211061E52413B8DF005B4B14 /* SimpleRssTests */,
				213BC6DD219C61F000E7694B /* Products */,
				2102EB3522C3B0A70034ECBD /* Frameworks */,
			);
			sourceTree = "<group>";
		};
		213BC6DD219C61F000E7694B /* Products */ = {
			isa = PBXGroup;
			children = (
				213BC6DC219C61F000E7694B /* SimpleRss.app */,
				211061E42413B8DE005B4B14 /* SimpleRssTests.xctest */,
			);
			name = Products;
			sourceTree = "<group>";
		};
		213BC6DE219C61F000E7694B /* SimpleRss */ = {
			isa = PBXGroup;
			children = (
				211061EE2413B99F005B4B14 /* Tests */,
				21FF649A23B5418E007F3370 /* Extensions */,
				2167A9442375A8F700457AF1 /* Transitions */,
				21C0BCB422B7DA0F0035D033 /* ViewModels */,
				21C0BCAD22B799FC0035D033 /* Coordinators */,
				215DD36321F5C0F6001E8926 /* Objective */,
				2105F0BF21EBA8B500E5485F /* Protocols */,
				213D3F7721A5A8BF00E2E937 /* Services */,
				21AF870721A3576000C00970 /* Views */,
				21EEFC1B21A0820C00A97F33 /* Models */,
				21575145219C6F240066D7D0 /* ViewControllers */,
				21575142219C6DD70066D7D0 /* Main.storyboard */,
				213BC6DF219C61F000E7694B /* AppDelegate.swift */,
				213BC6E6219C61F200E7694B /* Assets.xcassets */,
				213BC6E8219C61F200E7694B /* LaunchScreen.storyboard */,
				213BC6EB219C61F200E7694B /* Info.plist */,
				2107B8D92219FF620015171A /* rss.xcdatamodeld */,
			);
			path = SimpleRss;
			sourceTree = "<group>";
		};
		213D3F7721A5A8BF00E2E937 /* Services */ = {
			isa = PBXGroup;
			children = (
				213D3F7821A5A8DD00E2E937 /* RssParser.swift */,
				2199666821C1A0BF00FE7AAD /* RssNetworkService.swift */,
				212C4EFA21DBEB8B004B4D86 /* ImageDownloadOrchestrator.swift */,
				2105F0B921DFFA2500E5485F /* DownloadImageManager.swift */,
				2105F0BD21E775CE00E5485F /* ImageCacheManager.swift */,
				2107B8E1221AB3010015171A /* RssDataService.swift */,
				21B42A10234A1B8000871511 /* DataStore.swift */,
			);
			path = Services;
			sourceTree = "<group>";
		};
		21575145219C6F240066D7D0 /* ViewControllers */ = {
			isa = PBXGroup;
			children = (
				213BC6E1219C61F000E7694B /* HomeViewController.swift */,
				21575147219CC2A20066D7D0 /* FeedViewController.swift */,
				2196B91B2312A3BE004FF972 /* FeedDetailViewController.swift */,
				2196B91F2312A4AB004FF972 /* FeedDetail.storyboard */,
				2167A9472376013300457AF1 /* Rating.storyboard */,
				2167A9492376019D00457AF1 /* RatingViewController.swift */,
			);
			path = ViewControllers;
			sourceTree = "<group>";
		};
		215DD36321F5C0F6001E8926 /* Objective */ = {
			isa = PBXGroup;
			children = (
				215DD36021F502EC001E8926 /* Downloader.m */,
				215DD35F21F502EC001E8926 /* SimpleRss-Bridging-Header.h */,
				215DD36221F50B9A001E8926 /* Downloader.h */,
				215DD36421F5C13A001E8926 /* DownloadOp.m */,
				215DD36621F5C6BA001E8926 /* DownloadOp.h */,
				215DD36721F5D70E001E8926 /* Cacher.m */,
				215DD36921F5D728001E8926 /* Cacher.h */,
				21293C1A21F890DF00EE4C44 /* GetOp.h */,
				21293C1B21F890F900EE4C44 /* GetOp.m */,
				211C750D21FA024700BB2234 /* Orchestrator.h */,
				211C750E21FA026400BB2234 /* Orchestrator.m */,
			);
			path = Objective;
			sourceTree = "<group>";
		};
		215FBAB921B523310092785B /* ViewModels */ = {
			isa = PBXGroup;
			children = (
				215FBABA21B523560092785B /* FeedItemViewModel.swift */,
			);
			path = ViewModels;
			sourceTree = "<group>";
		};
		2167A9442375A8F700457AF1 /* Transitions */ = {
			isa = PBXGroup;
			children = (
				2167A9452375A9B600457AF1 /* ModalTransition.swift */,
			);
			path = Transitions;
			sourceTree = "<group>";
		};
		21AF870721A3576000C00970 /* Views */ = {
			isa = PBXGroup;
			children = (
				21B42A12234B1BEB00871511 /* Controls */,
				212C4EF121DBE8F0004B4D86 /* Operations */,
				215FBAB921B523310092785B /* ViewModels */,
				21EEFC2321A0A06100A97F33 /* TopicViewCell.swift */,
				21EEFC2421A0A06100A97F33 /* TopicViewCell.xib */,
				21AF870321A32EBB00C00970 /* FeedViewCell.swift */,
				21AF870421A32EBB00C00970 /* FeedViewCell.xib */,
				2100F464231D443A00A7C2F3 /* DetailViewCell.xib */,
				2100F466231D448100A7C2F3 /* DetailViewCell.swift */,
			);
			path = Views;
			sourceTree = "<group>";
		};
		21B42A12234B1BEB00871511 /* Controls */ = {
			isa = PBXGroup;
			children = (
				21B42A13234B1C3700871511 /* RatingView.swift */,
			);
			path = Controls;
			sourceTree = "<group>";
		};
		21C0BCAD22B799FC0035D033 /* Coordinators */ = {
			isa = PBXGroup;
			children = (
				21C0BCAE22B79ACB0035D033 /* AppCoordinator.swift */,
				21C0BCB222B7B0150035D033 /* HomeCoordinator.swift */,
			);
			path = Coordinators;
			sourceTree = "<group>";
		};
		21C0BCB422B7DA0F0035D033 /* ViewModels */ = {
			isa = PBXGroup;
			children = (
				21C0BCB522B7DA2C0035D033 /* FeedViewModel.swift */,
				21C0BCB722B7DA490035D033 /* HomeViewModel.swift */,
				2196B91D2312A3E8004FF972 /* FeedDetailViewModel.swift */,
				2167A94B23774BE100457AF1 /* RatingViewModel.swift */,
			);
			path = ViewModels;
			sourceTree = "<group>";
		};
		21EEFC1B21A0820C00A97F33 /* Models */ = {
			isa = PBXGroup;
			children = (
				21EEFC1C21A0825100A97F33 /* TopicModel.swift */,
				213D3F7A21A6088600E2E937 /* FeedModel.swift */,
			);
			path = Models;
			sourceTree = "<group>";
		};
		21FF649A23B5418E007F3370 /* Extensions */ = {
			isa = PBXGroup;
			children = (
				213D3F7E21A6F97500E2E937 /* UICellView+Extension.swift */,
				21FF649C23B54202007F3370 /* UIViewController+Extension.swift */,
				21FF649E23B5423F007F3370 /* UIStoryboard+Extension.swift */,
				21FF64A023B542D7007F3370 /* UIView+Extension.swift */,
				21FF64A323B54394007F3370 /* UIImageView+Extension.swift */,
				21FF64A523B543D0007F3370 /* UIStackView+Extension.swift */,
			);
			path = Extensions;
			sourceTree = "<group>";
		};
/* End PBXGroup section */

/* Begin PBXNativeTarget section */
		211061E32413B8DE005B4B14 /* SimpleRssTests */ = {
			isa = PBXNativeTarget;
			buildConfigurationList = 211061ED2413B8DF005B4B14 /* Build configuration list for PBXNativeTarget "SimpleRssTests" */;
			buildPhases = (
				211061E02413B8DE005B4B14 /* Sources */,
				211061E12413B8DE005B4B14 /* Frameworks */,
				211061E22413B8DE005B4B14 /* Resources */,
			);
			buildRules = (
			);
			dependencies = (
				211061EA2413B8DF005B4B14 /* PBXTargetDependency */,
			);
			name = SimpleRssTests;
			productName = SimpleRssTests;
			productReference = 211061E42413B8DE005B4B14 /* SimpleRssTests.xctest */;
			productType = "com.apple.product-type.bundle.unit-test";
		};
		213BC6DB219C61F000E7694B /* SimpleRss */ = {
			isa = PBXNativeTarget;
			buildConfigurationList = 213BC6EE219C61F200E7694B /* Build configuration list for PBXNativeTarget "SimpleRss" */;
			buildPhases = (
				213BC6D8219C61F000E7694B /* Sources */,
				213BC6D9219C61F000E7694B /* Frameworks */,
				213BC6DA219C61F000E7694B /* Resources */,
				2102EB4022C3B12D0034ECBD /* ShellScript */,
			);
			buildRules = (
			);
			dependencies = (
			);
			name = SimpleRss;
			productName = SimpleRss;
			productReference = 213BC6DC219C61F000E7694B /* SimpleRss.app */;
			productType = "com.apple.product-type.application";
		};
/* End PBXNativeTarget section */

/* Begin PBXProject section */
		213BC6D4219C61F000E7694B /* Project object */ = {
			isa = PBXProject;
			attributes = {
				LastSwiftUpdateCheck = 1130;
				LastUpgradeCheck = 1010;
				ORGANIZATIONNAME = "Vladimir Koptev";
				TargetAttributes = {
					211061E32413B8DE005B4B14 = {
						CreatedOnToolsVersion = 11.3.1;
						TestTargetID = 213BC6DB219C61F000E7694B;
					};
					213BC6DB219C61F000E7694B = {
						CreatedOnToolsVersion = 10.1;
						LastSwiftMigration = 1010;
					};
				};
			};
			buildConfigurationList = 213BC6D7219C61F000E7694B /* Build configuration list for PBXProject "SimpleRss" */;
			compatibilityVersion = "Xcode 9.3";
			developmentRegion = en;
			hasScannedForEncodings = 0;
			knownRegions = (
				en,
				Base,
			);
			mainGroup = 213BC6D3219C61F000E7694B;
			productRefGroup = 213BC6DD219C61F000E7694B /* Products */;
			projectDirPath = "";
			projectReferences = (
				{
					ProductGroup = 2110620A24140319005B4B14 /* Products */;
					ProjectRef = 2110620924140319005B4B14 /* SimpleRss.xcodeproj */;
				},
			);
			projectRoot = "";
			targets = (
				213BC6DB219C61F000E7694B /* SimpleRss */,
				211061E32413B8DE005B4B14 /* SimpleRssTests */,
			);
		};
/* End PBXProject section */

/* Begin PBXResourcesBuildPhase section */
		211061E22413B8DE005B4B14 /* Resources */ = {
			isa = PBXResourcesBuildPhase;
			buildActionMask = 2147483647;
			files = (
			);
			runOnlyForDeploymentPostprocessing = 0;
		};
		213BC6DA219C61F000E7694B /* Resources */ = {
			isa = PBXResourcesBuildPhase;
			buildActionMask = 2147483647;
			files = (
				21EEFC2621A0A06100A97F33 /* TopicViewCell.xib in Resources */,
				2100F465231D443A00A7C2F3 /* DetailViewCell.xib in Resources */,
				21AF870621A32EBB00C00970 /* FeedViewCell.xib in Resources */,
				21575144219C6DD70066D7D0 /* Main.storyboard in Resources */,
				2196B9202312A4AB004FF972 /* FeedDetail.storyboard in Resources */,
				2167A9482376013300457AF1 /* Rating.storyboard in Resources */,
				213BC6EA219C61F200E7694B /* LaunchScreen.storyboard in Resources */,
				213BC6E7219C61F200E7694B /* Assets.xcassets in Resources */,
			);
			runOnlyForDeploymentPostprocessing = 0;
		};
/* End PBXResourcesBuildPhase section */

/* Begin PBXShellScriptBuildPhase section */
		2102EB4022C3B12D0034ECBD /* ShellScript */ = {
			isa = PBXShellScriptBuildPhase;
			buildActionMask = 2147483647;
			files = (
			);
			inputFileListPaths = (
			);
			inputPaths = (
				"$(SRCROOT)/Carthage/Build/iOS/RxRelay.framework",
				"$(SRCROOT)/Carthage/Build/iOS/RxSwift.framework",
				"$(SRCROOT)/Carthage/Build/iOS/RxCocoa.framework",
				"$(SRCROOT)/Carthage/Build/iOS/RxBlocking.framework",
			);
			outputFileListPaths = (
			);
			outputPaths = (
			);
			runOnlyForDeploymentPostprocessing = 0;
			shellPath = /bin/sh;
			shellScript = "# Type a script or drag a script file from your workspace to insert its path.\n/usr/local/bin/carthage copy-frameworks\n";
		};
/* End PBXShellScriptBuildPhase section */

/* Begin PBXSourcesBuildPhase section */
		211061E02413B8DE005B4B14 /* Sources */ = {
			isa = PBXSourcesBuildPhase;
			buildActionMask = 2147483647;
			files = (
				211061F62413CB00005B4B14 /* DefaultNetworkServiceMock.swift in Sources */,
				211061F82413D03B005B4B14 /* DefaultFeedViewModelDelegeateMock.swift in Sources */,
				211061F02413BAE4005B4B14 /* FeedViewModelTests.swift in Sources */,
				211061F32413C919005B4B14 /* DefaultDataServiceMock.swift in Sources */,
			);
			runOnlyForDeploymentPostprocessing = 0;
		};
		213BC6D8219C61F000E7694B /* Sources */ = {
			isa = PBXSourcesBuildPhase;
			buildActionMask = 2147483647;
			files = (
				215FBABB21B523560092785B /* FeedItemViewModel.swift in Sources */,
				213D3F7F21A6F97500E2E937 /* UICellView+Extension.swift in Sources */,
				215DD36821F5D70E001E8926 /* Cacher.m in Sources */,
				21B42A14234B1C3700871511 /* RatingView.swift in Sources */,
				21C0BCB822B7DA490035D033 /* HomeViewModel.swift in Sources */,
				212C4EFB21DBEB8B004B4D86 /* ImageDownloadOrchestrator.swift in Sources */,
				21FF649F23B5423F007F3370 /* UIStoryboard+Extension.swift in Sources */,
				2196B91E2312A3E8004FF972 /* FeedDetailViewModel.swift in Sources */,
				2105F0BE21E775CE00E5485F /* ImageCacheManager.swift in Sources */,
				2102EB2222BFFCB90034ECBD /* ViewModel.swift in Sources */,
				21FF649D23B54202007F3370 /* UIViewController+Extension.swift in Sources */,
				2196B91C2312A3BE004FF972 /* FeedDetailViewController.swift in Sources */,
				21EEFC2521A0A06100A97F33 /* TopicViewCell.swift in Sources */,
				213D3F7B21A6088600E2E937 /* FeedModel.swift in Sources */,
				21C0BCB622B7DA2C0035D033 /* FeedViewModel.swift in Sources */,
				213BC6E2219C61F000E7694B /* HomeViewController.swift in Sources */,
				21B42A11234A1B8000871511 /* DataStore.swift in Sources */,
				21C0BCB122B7AC740035D033 /* Coordinator.swift in Sources */,
				212C4EF721DBEA26004B4D86 /* GetImageOperation.swift in Sources */,
				2107B8E2221AB3010015171A /* RssDataService.swift in Sources */,
				21293C1C21F890F900EE4C44 /* GetOp.m in Sources */,
				2100F467231D448100A7C2F3 /* DetailViewCell.swift in Sources */,
				2107B8DB2219FF620015171A /* rss.xcdatamodeld in Sources */,
				215DD36521F5C13A001E8926 /* DownloadOp.m in Sources */,
				21FF64A423B54394007F3370 /* UIImageView+Extension.swift in Sources */,
				2167A9462375A9B600457AF1 /* ModalTransition.swift in Sources */,
				2105F0BA21DFFA2500E5485F /* DownloadImageManager.swift in Sources */,
				2105F0C521EBB3CB00E5485F /* DownloadOrchestrator.swift in Sources */,
				212C4EF521DBE97F004B4D86 /* AsyncOperation.swift in Sources */,
				21C0BCB322B7B0150035D033 /* HomeCoordinator.swift in Sources */,
				2167A94A2376019D00457AF1 /* RatingViewController.swift in Sources */,
				21FF64A123B542D7007F3370 /* UIView+Extension.swift in Sources */,
				21AF870521A32EBB00C00970 /* FeedViewCell.swift in Sources */,
				21EEFC1D21A0825100A97F33 /* TopicModel.swift in Sources */,
				21C0BCBA22BA3BD40035D033 /* NetworkService.swift in Sources */,
				211C750F21FA026400BB2234 /* Orchestrator.m in Sources */,
				215DD36121F502EC001E8926 /* Downloader.m in Sources */,
				21FF64A623B543D0007F3370 /* UIStackView+Extension.swift in Sources */,
				21C0BCAF22B79ACB0035D033 /* AppCoordinator.swift in Sources */,
				21575148219CC2A20066D7D0 /* FeedViewController.swift in Sources */,
				213BC6E0219C61F000E7694B /* AppDelegate.swift in Sources */,
				2105F0C321EBAB7800E5485F /* DownloadManager.swift in Sources */,
				212C4EF321DBE91C004B4D86 /* DownloadImageOperation.swift in Sources */,
				2167A94C23774BE100457AF1 /* RatingViewModel.swift in Sources */,
				2105F0C121EBA93800E5485F /* CacheManager.swift in Sources */,
				2199666921C1A0BF00FE7AAD /* RssNetworkService.swift in Sources */,
				213D3F7921A5A8DD00E2E937 /* RssParser.swift in Sources */,
				21C0BCBC22BA3C080035D033 /* DataService.swift in Sources */,
			);
			runOnlyForDeploymentPostprocessing = 0;
		};
/* End PBXSourcesBuildPhase section */

/* Begin PBXTargetDependency section */
		211061EA2413B8DF005B4B14 /* PBXTargetDependency */ = {
			isa = PBXTargetDependency;
			target = 213BC6DB219C61F000E7694B /* SimpleRss */;
			targetProxy = 211061E92413B8DF005B4B14 /* PBXContainerItemProxy */;
		};
/* End PBXTargetDependency section */

/* Begin PBXVariantGroup section */
		213BC6E8219C61F200E7694B /* LaunchScreen.storyboard */ = {
			isa = PBXVariantGroup;
			children = (
				213BC6E9219C61F200E7694B /* Base */,
			);
			name = LaunchScreen.storyboard;
			sourceTree = "<group>";
		};
		21575142219C6DD70066D7D0 /* Main.storyboard */ = {
			isa = PBXVariantGroup;
			children = (
				21575143219C6DD70066D7D0 /* Base */,
			);
			name = Main.storyboard;
			sourceTree = "<group>";
		};
/* End PBXVariantGroup section */

/* Begin XCBuildConfiguration section */
		211061EB2413B8DF005B4B14 /* Debug */ = {
			isa = XCBuildConfiguration;
			buildSettings = {
				BUNDLE_LOADER = "$(TEST_HOST)";
				CODE_SIGN_STYLE = Automatic;
				DEVELOPMENT_TEAM = D3FX238DES;
				FRAMEWORK_SEARCH_PATHS = (
					"$(inherited)",
					"$(PROJECT_DIR)/Carthage/Build/iOS",
				);
				INFOPLIST_FILE = SimpleRssTests/Info.plist;
				IPHONEOS_DEPLOYMENT_TARGET = 13.2;
				LD_RUNPATH_SEARCH_PATHS = (
					"$(inherited)",
					"@executable_path/Frameworks",
					"@loader_path/Frameworks",
				);
				PRODUCT_BUNDLE_IDENTIFIER = com.SimpleRssTests;
				PRODUCT_NAME = "$(TARGET_NAME)";
				SWIFT_VERSION = 5.0;
				TARGETED_DEVICE_FAMILY = "1,2";
				TEST_HOST = "$(BUILT_PRODUCTS_DIR)/SimpleRss.app/SimpleRss";
				VALID_ARCHS = "$(inherited)";
				"VALID_ARCHS[sdk=iphonesimulator*]" = x86_64;
			};
			name = Debug;
		};
		211061EC2413B8DF005B4B14 /* Release */ = {
			isa = XCBuildConfiguration;
			buildSettings = {
				BUNDLE_LOADER = "$(TEST_HOST)";
				CODE_SIGN_STYLE = Automatic;
				DEVELOPMENT_TEAM = D3FX238DES;
				FRAMEWORK_SEARCH_PATHS = (
					"$(inherited)",
					"$(PROJECT_DIR)/Carthage/Build/iOS",
				);
				INFOPLIST_FILE = SimpleRssTests/Info.plist;
				IPHONEOS_DEPLOYMENT_TARGET = 13.2;
				LD_RUNPATH_SEARCH_PATHS = (
					"$(inherited)",
					"@executable_path/Frameworks",
					"@loader_path/Frameworks",
				);
				PRODUCT_BUNDLE_IDENTIFIER = com.SimpleRssTests;
				PRODUCT_NAME = "$(TARGET_NAME)";
				SWIFT_VERSION = 5.0;
				TARGETED_DEVICE_FAMILY = "1,2";
				TEST_HOST = "$(BUILT_PRODUCTS_DIR)/SimpleRss.app/SimpleRss";
				VALID_ARCHS = "$(inherited)";
				"VALID_ARCHS[sdk=iphonesimulator*]" = x86_64;
			};
			name = Release;
		};
		213BC6EC219C61F200E7694B /* Debug */ = {
			isa = XCBuildConfiguration;
			buildSettings = {
				ALWAYS_SEARCH_USER_PATHS = NO;
				CLANG_ANALYZER_NONNULL = YES;
				CLANG_ANALYZER_NUMBER_OBJECT_CONVERSION = YES_AGGRESSIVE;
				CLANG_CXX_LANGUAGE_STANDARD = "gnu++14";
				CLANG_CXX_LIBRARY = "libc++";
				CLANG_ENABLE_MODULES = YES;
				CLANG_ENABLE_OBJC_ARC = YES;
				CLANG_ENABLE_OBJC_WEAK = YES;
				CLANG_WARN_BLOCK_CAPTURE_AUTORELEASING = YES;
				CLANG_WARN_BOOL_CONVERSION = YES;
				CLANG_WARN_COMMA = YES;
				CLANG_WARN_CONSTANT_CONVERSION = YES;
				CLANG_WARN_DEPRECATED_OBJC_IMPLEMENTATIONS = YES;
				CLANG_WARN_DIRECT_OBJC_ISA_USAGE = YES_ERROR;
				CLANG_WARN_DOCUMENTATION_COMMENTS = YES;
				CLANG_WARN_EMPTY_BODY = YES;
				CLANG_WARN_ENUM_CONVERSION = YES;
				CLANG_WARN_INFINITE_RECURSION = YES;
				CLANG_WARN_INT_CONVERSION = YES;
				CLANG_WARN_NON_LITERAL_NULL_CONVERSION = YES;
				CLANG_WARN_OBJC_IMPLICIT_RETAIN_SELF = YES;
				CLANG_WARN_OBJC_LITERAL_CONVERSION = YES;
				CLANG_WARN_OBJC_ROOT_CLASS = YES_ERROR;
				CLANG_WARN_RANGE_LOOP_ANALYSIS = YES;
				CLANG_WARN_STRICT_PROTOTYPES = YES;
				CLANG_WARN_SUSPICIOUS_MOVE = YES;
				CLANG_WARN_UNGUARDED_AVAILABILITY = YES_AGGRESSIVE;
				CLANG_WARN_UNREACHABLE_CODE = YES;
				CLANG_WARN__DUPLICATE_METHOD_MATCH = YES;
				CODE_SIGN_IDENTITY = "iPhone Developer";
				COPY_PHASE_STRIP = NO;
				DEBUG_INFORMATION_FORMAT = dwarf;
				ENABLE_STRICT_OBJC_MSGSEND = YES;
				ENABLE_TESTABILITY = YES;
				GCC_C_LANGUAGE_STANDARD = gnu11;
				GCC_DYNAMIC_NO_PIC = NO;
				GCC_NO_COMMON_BLOCKS = YES;
				GCC_OPTIMIZATION_LEVEL = 0;
				GCC_PREPROCESSOR_DEFINITIONS = (
					"DEBUG=1",
					"$(inherited)",
				);
				GCC_WARN_64_TO_32_BIT_CONVERSION = YES;
				GCC_WARN_ABOUT_RETURN_TYPE = YES_ERROR;
				GCC_WARN_UNDECLARED_SELECTOR = YES;
				GCC_WARN_UNINITIALIZED_AUTOS = YES_AGGRESSIVE;
				GCC_WARN_UNUSED_FUNCTION = YES;
				GCC_WARN_UNUSED_VARIABLE = YES;
				IPHONEOS_DEPLOYMENT_TARGET = 12.1;
				MTL_ENABLE_DEBUG_INFO = INCLUDE_SOURCE;
				MTL_FAST_MATH = YES;
				ONLY_ACTIVE_ARCH = YES;
				SDKROOT = iphoneos;
				SWIFT_ACTIVE_COMPILATION_CONDITIONS = DEBUG;
				SWIFT_OPTIMIZATION_LEVEL = "-Onone";
			};
			name = Debug;
		};
		213BC6ED219C61F200E7694B /* Release */ = {
			isa = XCBuildConfiguration;
			buildSettings = {
				ALWAYS_SEARCH_USER_PATHS = NO;
				CLANG_ANALYZER_NONNULL = YES;
				CLANG_ANALYZER_NUMBER_OBJECT_CONVERSION = YES_AGGRESSIVE;
				CLANG_CXX_LANGUAGE_STANDARD = "gnu++14";
				CLANG_CXX_LIBRARY = "libc++";
				CLANG_ENABLE_MODULES = YES;
				CLANG_ENABLE_OBJC_ARC = YES;
				CLANG_ENABLE_OBJC_WEAK = YES;
				CLANG_WARN_BLOCK_CAPTURE_AUTORELEASING = YES;
				CLANG_WARN_BOOL_CONVERSION = YES;
				CLANG_WARN_COMMA = YES;
				CLANG_WARN_CONSTANT_CONVERSION = YES;
				CLANG_WARN_DEPRECATED_OBJC_IMPLEMENTATIONS = YES;
				CLANG_WARN_DIRECT_OBJC_ISA_USAGE = YES_ERROR;
				CLANG_WARN_DOCUMENTATION_COMMENTS = YES;
				CLANG_WARN_EMPTY_BODY = YES;
				CLANG_WARN_ENUM_CONVERSION = YES;
				CLANG_WARN_INFINITE_RECURSION = YES;
				CLANG_WARN_INT_CONVERSION = YES;
				CLANG_WARN_NON_LITERAL_NULL_CONVERSION = YES;
				CLANG_WARN_OBJC_IMPLICIT_RETAIN_SELF = YES;
				CLANG_WARN_OBJC_LITERAL_CONVERSION = YES;
				CLANG_WARN_OBJC_ROOT_CLASS = YES_ERROR;
				CLANG_WARN_RANGE_LOOP_ANALYSIS = YES;
				CLANG_WARN_STRICT_PROTOTYPES = YES;
				CLANG_WARN_SUSPICIOUS_MOVE = YES;
				CLANG_WARN_UNGUARDED_AVAILABILITY = YES_AGGRESSIVE;
				CLANG_WARN_UNREACHABLE_CODE = YES;
				CLANG_WARN__DUPLICATE_METHOD_MATCH = YES;
				CODE_SIGN_IDENTITY = "iPhone Developer";
				COPY_PHASE_STRIP = NO;
				DEBUG_INFORMATION_FORMAT = "dwarf-with-dsym";
				ENABLE_NS_ASSERTIONS = NO;
				ENABLE_STRICT_OBJC_MSGSEND = YES;
				GCC_C_LANGUAGE_STANDARD = gnu11;
				GCC_NO_COMMON_BLOCKS = YES;
				GCC_WARN_64_TO_32_BIT_CONVERSION = YES;
				GCC_WARN_ABOUT_RETURN_TYPE = YES_ERROR;
				GCC_WARN_UNDECLARED_SELECTOR = YES;
				GCC_WARN_UNINITIALIZED_AUTOS = YES_AGGRESSIVE;
				GCC_WARN_UNUSED_FUNCTION = YES;
				GCC_WARN_UNUSED_VARIABLE = YES;
				IPHONEOS_DEPLOYMENT_TARGET = 12.1;
				MTL_ENABLE_DEBUG_INFO = NO;
				MTL_FAST_MATH = YES;
				SDKROOT = iphoneos;
				SWIFT_COMPILATION_MODE = wholemodule;
				SWIFT_OPTIMIZATION_LEVEL = "-O";
				VALIDATE_PRODUCT = YES;
			};
			name = Release;
		};
		213BC6EF219C61F200E7694B /* Debug */ = {
			isa = XCBuildConfiguration;
			buildSettings = {
				ASSETCATALOG_COMPILER_APPICON_NAME = AppIcon;
				CLANG_ENABLE_MODULES = YES;
				CODE_SIGN_IDENTITY = "iPhone Developer";
				CODE_SIGN_STYLE = Automatic;
				DEVELOPMENT_TEAM = D3FX238DES;
				FRAMEWORK_SEARCH_PATHS = (
					"$(inherited)",
					"$(PROJECT_DIR)/Carthage/Build/iOS",
				);
				GCC_NO_COMMON_BLOCKS = NO;
				INFOPLIST_FILE = SimpleRss/Info.plist;
				LD_RUNPATH_SEARCH_PATHS = (
					"$(inherited)",
					"@executable_path/Frameworks",
				);
				PRODUCT_BUNDLE_IDENTIFIER = com.SimpleRss;
				PRODUCT_NAME = "$(TARGET_NAME)";
				PROVISIONING_PROFILE_SPECIFIER = "";
				SWIFT_OBJC_BRIDGING_HEADER = "SimpleRss/Objective/SimpleRss-Bridging-Header.h";
				SWIFT_OPTIMIZATION_LEVEL = "-Onone";
				SWIFT_REFLECTION_METADATA_LEVEL = none;
				SWIFT_VERSION = 5.0;
				TARGETED_DEVICE_FAMILY = "1,2";
			};
			name = Debug;
		};
		213BC6F0219C61F200E7694B /* Release */ = {
			isa = XCBuildConfiguration;
			buildSettings = {
				ASSETCATALOG_COMPILER_APPICON_NAME = AppIcon;
				CLANG_ENABLE_MODULES = YES;
				CODE_SIGN_IDENTITY = "iPhone Developer";
				CODE_SIGN_STYLE = Automatic;
				DEVELOPMENT_TEAM = D3FX238DES;
				FRAMEWORK_SEARCH_PATHS = (
					"$(inherited)",
					"$(PROJECT_DIR)/Carthage/Build/iOS",
				);
				GCC_NO_COMMON_BLOCKS = NO;
				INFOPLIST_FILE = SimpleRss/Info.plist;
				LD_RUNPATH_SEARCH_PATHS = (
					"$(inherited)",
					"@executable_path/Frameworks",
				);
				PRODUCT_BUNDLE_IDENTIFIER = com.SimpleRss;
				PRODUCT_NAME = "$(TARGET_NAME)";
				PROVISIONING_PROFILE_SPECIFIER = "";
				SWIFT_OBJC_BRIDGING_HEADER = "SimpleRss/Objective/SimpleRss-Bridging-Header.h";
				SWIFT_REFLECTION_METADATA_LEVEL = none;
				SWIFT_VERSION = 5.0;
				TARGETED_DEVICE_FAMILY = "1,2";
			};
			name = Release;
		};
/* End XCBuildConfiguration section */

/* Begin XCConfigurationList section */
		211061ED2413B8DF005B4B14 /* Build configuration list for PBXNativeTarget "SimpleRssTests" */ = {
			isa = XCConfigurationList;
			buildConfigurations = (
				211061EB2413B8DF005B4B14 /* Debug */,
				211061EC2413B8DF005B4B14 /* Release */,
			);
			defaultConfigurationIsVisible = 0;
			defaultConfigurationName = Release;
		};
		213BC6D7219C61F000E7694B /* Build configuration list for PBXProject "SimpleRss" */ = {
			isa = XCConfigurationList;
			buildConfigurations = (
				213BC6EC219C61F200E7694B /* Debug */,
				213BC6ED219C61F200E7694B /* Release */,
			);
			defaultConfigurationIsVisible = 0;
			defaultConfigurationName = Release;
		};
		213BC6EE219C61F200E7694B /* Build configuration list for PBXNativeTarget "SimpleRss" */ = {
			isa = XCConfigurationList;
			buildConfigurations = (
				213BC6EF219C61F200E7694B /* Debug */,
				213BC6F0219C61F200E7694B /* Release */,
			);
			defaultConfigurationIsVisible = 0;
			defaultConfigurationName = Release;
		};
/* End XCConfigurationList section */

/* Begin XCVersionGroup section */
		2107B8D92219FF620015171A /* rss.xcdatamodeld */ = {
			isa = XCVersionGroup;
			children = (
				2107B8DA2219FF620015171A /* rss.xcdatamodel */,
			);
			currentVersion = 2107B8DA2219FF620015171A /* rss.xcdatamodel */;
			path = rss.xcdatamodeld;
			sourceTree = "<group>";
			versionGroupType = wrapper.xcdatamodel;
		};
/* End XCVersionGroup section */
	};
	rootObject = 213BC6D4219C61F000E7694B /* Project object */;
}
